
Microsoft Visual Studio Solution File, Format Version 12.00
# Visual Studio Version 17
VisualStudioVersion = 17.0.31717.71
MinimumVisualStudioVersion = 10.0.40219.1
Project("{8BC9CEB8-8B4A-11D0-8D11-00A0C91BC942}") = "Übung1_1", "Übung1_1\Übung1_1.vcxproj", "{6001D36F-2A1B-43F0-8F8B-7F0A00FD6332}"
EndProject
Project("{8BC9CEB8-8B4A-11D0-8D11-00A0C91BC942}") = "Übung1_2", "Übung1_2\Übung1_2.vcxproj", "{761BBF13-63FD-486B-8B9D-A1D98D5992C8}"
EndProject
Project("{8BC9CEB8-8B4A-11D0-8D11-00A0C91BC942}") = "Übung1_3", "Übung1_3\Übung1_3.vcxproj", "{97B403A4-F45D-4699-AEAF-BCF7B1DED7DC}"
EndProject
Project("{8BC9CEB8-8B4A-11D0-8D11-00A0C91BC942}") = "Übung1_4", "Übung1_4\Übung1_4.vcxproj", "{DB3DE753-78C2-4B01-9899-D7B67F262420}"
EndProject
Project("{8BC9CEB8-8B4A-11D0-8D11-00A0C91BC942}") = "AufgabeSkript1_27", "AufgabeSkript1_27\AufgabeSkript1_27.vcxproj", "{B36DC61D-E9A2-4D66-B853-11E93FD1B7DE}"
EndProject
Project("{8BC9CEB8-8B4A-11D0-8D11-00A0C91BC942}") = "AufgabeSkript1_28", "AufgabeSkript1_28\AufgabeSkript1_28.vcxproj", "{423F9365-8F7E-4CBC-9DF7-7149D209236A}"
EndProject
Project("{8BC9CEB8-8B4A-11D0-8D11-00A0C91BC942}") = "AufgabeSkript1_33", "AufgabeSkript1_33\AufgabeSkript1_33.vcxproj", "{2F9892D1-CEB7-4432-AD46-DAD91C20E204}"
EndProject
Project("{8BC9CEB8-8B4A-11D0-8D11-00A0C91BC942}") = "AufgabeSkript1_37", "AufgabeSkript1_37\AufgabeSkript1_37.vcxproj", "{F9F545AC-8877-442C-852C-927AE66794B0}"
EndProject
Project("{8BC9CEB8-8B4A-11D0-8D11-00A0C91BC942}") = "AufgabeSkript1_41", "AufgabeSkript1_41\AufgabeSkript1_41.vcxproj", "{AC670136-67FF-48DA-8580-67F0F525688C}"
EndProject
Project("{8BC9CEB8-8B4A-11D0-8D11-00A0C91BC942}") = "AufgabeSkript1_43", "AufgabeSkript1_43\AufgabeSkript1_43.vcxproj", "{DA366399-CC01-4975-8812-DD71F775283F}"
EndProject
Project("{8BC9CEB8-8B4A-11D0-8D11-00A0C91BC942}") = "AufgabeSkript1_44", "AufgabeSkript1_44\AufgabeSkript1_44.vcxproj", "{03C037BB-1100-49C8-A066-63C1900CE75B}"
EndProject
Project("{8BC9CEB8-8B4A-11D0-8D11-00A0C91BC942}") = "AufgabeSkript1_45", "AufgabeSkript1_45\AufgabeSkript1_45.vcxproj", "{6932A4D2-9E27-4F35-9475-B4A909D7A09F}"
EndProject
Project("{8BC9CEB8-8B4A-11D0-8D11-00A0C91BC942}") = "AufgabeSkript1_21", "AufgabeSkript1_21\AufgabeSkript1_21.vcxproj", "{79819686-D46E-452F-BCA0-25AE83D48796}"
EndProject
Project("{8BC9CEB8-8B4A-11D0-8D11-00A0C91BC942}") = "AufgabeSkript1_49", "AufgabeSkript1_49\AufgabeSkript1_49.vcxproj", "{577B341D-6D4A-4329-AD8E-D208F7A8510B}"
EndProject
Project("{8BC9CEB8-8B4A-11D0-8D11-00A0C91BC942}") = "AufgabeSkript1_53", "AufgabeSkript1_53\AufgabeSkript1_53.vcxproj", "{E9E3B3B6-EDCE-4249-9354-D9A5CF0EB3A3}"
EndProject
Project("{8BC9CEB8-8B4A-11D0-8D11-00A0C91BC942}") = "AufgabeSkript1_57", "AufgabeSkript1_57\AufgabeSkript1_57.vcxproj", "{8280BAA1-99F7-4EB9-95DE-06D3675C44EC}"
EndProject
Project("{8BC9CEB8-8B4A-11D0-8D11-00A0C91BC942}") = "AufgabeSkript1_60", "AufgabeSkript1_60\AufgabeSkript1_60.vcxproj", "{D2F185F2-6851-4E80-BC0F-42E2B1F3B950}"
EndProject
Project("{8BC9CEB8-8B4A-11D0-8D11-00A0C91BC942}") = "AufgabeSkript1_61", "AufgabeSkript1_61\AufgabeSkript1_61.vcxproj", "{99FF0E23-90B7-4F82-8946-380763D5A659}"
EndProject
Project("{8BC9CEB8-8B4A-11D0-8D11-00A0C91BC942}") = "Übung2_1", "Übung2_1\Übung2_1.vcxproj", "{7A21E9DB-C019-4E06-892C-039A7BBDE80F}"
EndProject
Project("{8BC9CEB8-8B4A-11D0-8D11-00A0C91BC942}") = "Übung2_2", "Übung2_2\Übung2_2.vcxproj", "{187E46EB-3019-42DF-8EA8-099A75C039AE}"
EndProject
Project("{8BC9CEB8-8B4A-11D0-8D11-00A0C91BC942}") = "Übung2_3", "Übung2_3\Übung2_3.vcxproj", "{8CE63399-91A0-4136-A8AF-B7EA7BA49673}"
EndProject
Project("{8BC9CEB8-8B4A-11D0-8D11-00A0C91BC942}") = "Übung2_4", "Übung2_4\Übung2_4.vcxproj", "{432EAA35-3D27-4C6C-B1AC-E5D468FE00A8}"
EndProject
Project("{8BC9CEB8-8B4A-11D0-8D11-00A0C91BC942}") = "Übung2_5", "Übung2_5\Übung2_5.vcxproj", "{C468E7BA-490A-4EFC-ABA0-62716CAA8E55}"
EndProject
Project("{8BC9CEB8-8B4A-11D0-8D11-00A0C91BC942}") = "Übung2_6", "Übung2_6\Übung2_6.vcxproj", "{09C217A5-FC6F-4919-BB3F-F0339AE5CB6B}"
EndProject
Project("{8BC9CEB8-8B4A-11D0-8D11-00A0C91BC942}") = "Übung2_7", "Übung2_7\Übung2_7.vcxproj", "{B8D516FE-95D1-4054-885A-0C78EB374BC5}"
EndProject
Project("{8BC9CEB8-8B4A-11D0-8D11-00A0C91BC942}") = "Übung2_8", "Übung2_8\Übung2_8.vcxproj", "{5C33DB5B-C68A-404B-84F4-A786ACE983EA}"
EndProject
Project("{8BC9CEB8-8B4A-11D0-8D11-00A0C91BC942}") = "Übung3_1", "Übung3_1\Übung3_1.vcxproj", "{A051036F-972B-45D9-931E-8CC2A0C8A02C}"
EndProject
Project("{8BC9CEB8-8B4A-11D0-8D11-00A0C91BC942}") = "Übung3_2", "Übung3_2\Übung3_2.vcxproj", "{0E52C3D4-AB4A-44D4-908F-D732DC643273}"
EndProject
Project("{8BC9CEB8-8B4A-11D0-8D11-00A0C91BC942}") = "Übung3_3", "Übung3_3\Übung3_3.vcxproj", "{093AA920-BD20-4EF1-8180-9F7B27AE8A35}"
EndProject
Project("{8BC9CEB8-8B4A-11D0-8D11-00A0C91BC942}") = "Übung3_4", "Übung3_4\Übung3_4.vcxproj", "{CEB6CBB1-504B-4FC2-AC4C-35D4286DE5E5}"
EndProject
Project("{8BC9CEB8-8B4A-11D0-8D11-00A0C91BC942}") = "Übung3_5", "Übung3_5\Übung3_5.vcxproj", "{93FA6F11-B1D4-4790-AFA9-D68995F55A2F}"
EndProject
Project("{8BC9CEB8-8B4A-11D0-8D11-00A0C91BC942}") = "Übung3_6", "Übung3_6\Übung3_6.vcxproj", "{E2BF6FDD-E232-49C2-ACE0-C5A6E03273E6}"
EndProject
Project("{8BC9CEB8-8B4A-11D0-8D11-00A0C91BC942}") = "Übung3_7", "Übung3_7\Übung3_7.vcxproj", "{78964D41-93BC-4019-A82C-FE456516CE46}"
EndProject
Project("{8BC9CEB8-8B4A-11D0-8D11-00A0C91BC942}") = "Übung3_8", "Übung3_8\Übung3_8.vcxproj", "{34A76F71-B617-4991-B98C-794014CC6B6B}"
EndProject
Project("{8BC9CEB8-8B4A-11D0-8D11-00A0C91BC942}") = "Übung4_1", "Übung4_1\Übung4_1.vcxproj", "{6BAF147E-7DED-4C0E-8220-10D72CE8B5E9}"
EndProject
Project("{8BC9CEB8-8B4A-11D0-8D11-00A0C91BC942}") = "Übung4_2", "Übung4_2\Übung4_2.vcxproj", "{66BBE4C6-6631-43C7-ADE9-7588FA5CCA92}"
EndProject
Project("{8BC9CEB8-8B4A-11D0-8D11-00A0C91BC942}") = "AufgabeSkript1_63", "AufgabeSkript1_63\AufgabeSkript1_63.vcxproj", "{B7DEBF4C-99F3-45E5-BB28-4D57EE5EA8C4}"
EndProject
Project("{8BC9CEB8-8B4A-11D0-8D11-00A0C91BC942}") = "AufgabeSkript1_68", "AufgabeSkript1_68\AufgabeSkript1_68.vcxproj", "{E1CE3A56-8E37-4DBA-AF4F-8CFEA9066C62}"
EndProject
Project("{8BC9CEB8-8B4A-11D0-8D11-00A0C91BC942}") = "AufgabeSkript1_69", "AufgabeSkript1_69\AufgabeSkript1_69.vcxproj", "{16813335-CA9C-4244-90DD-57FCD6F5B62E}"
EndProject
Project("{8BC9CEB8-8B4A-11D0-8D11-00A0C91BC942}") = "AufgabeSkript1_70", "AufgabeSkript1_70\AufgabeSkript1_70.vcxproj", "{3D9B0DB1-3BE6-41FD-8A0C-9C082BBFDFF9}"
EndProject
Project("{8BC9CEB8-8B4A-11D0-8D11-00A0C91BC942}") = "AufgabeSkript1_72", "AufgabeSkript1_72\AufgabeSkript1_72.vcxproj", "{736CCD46-2EBB-4BBC-9AB9-7FCFD36A2B66}"
EndProject
Project("{8BC9CEB8-8B4A-11D0-8D11-00A0C91BC942}") = "AufgabeSkript1_75", "AufgabeSkript1_75\AufgabeSkript1_75.vcxproj", "{E6C66867-4C1B-4E28-8E70-27AD4C2C570A}"
EndProject
Project("{8BC9CEB8-8B4A-11D0-8D11-00A0C91BC942}") = "AufgabeSkript1_76", "AufgabeSkript1_76\AufgabeSkript1_76.vcxproj", "{FD97D6CF-ED5A-47A8-96B1-12799F3CA90A}"
EndProject
Project("{8BC9CEB8-8B4A-11D0-8D11-00A0C91BC942}") = "AufgabeSkript1_79", "AufgabeSkript1_79\AufgabeSkript1_79.vcxproj", "{66539C6C-0EAF-444C-8544-7C1F7BBA2318}"
EndProject
Project("{8BC9CEB8-8B4A-11D0-8D11-00A0C91BC942}") = "AufgabeSkript1_80", "AufgabeSkript1_80\AufgabeSkript1_80.vcxproj", "{E60219DB-8EFF-4422-9AC9-2DA0791536D0}"
EndProject
Project("{8BC9CEB8-8B4A-11D0-8D11-00A0C91BC942}") = "AufgabeSkript1_86", "AufgabeSkript1_86\AufgabeSkript1_86.vcxproj", "{B776CFC8-EFD3-4005-861D-9C9CE1CFF2A3}"
EndProject
Project("{8BC9CEB8-8B4A-11D0-8D11-00A0C91BC942}") = "AufgabeSkript1_90", "AufgabeSkript1_90\AufgabeSkript1_90.vcxproj", "{97D53DC8-9850-440F-BC49-C1D6BF297D2D}"
EndProject
Project("{8BC9CEB8-8B4A-11D0-8D11-00A0C91BC942}") = "AufgabeSkript1_93", "AufgabeSkript1_93\AufgabeSkript1_93.vcxproj", "{4B913CEC-800A-4F4A-A56A-1B1E8C7BE600}"
EndProject
Project("{8BC9CEB8-8B4A-11D0-8D11-00A0C91BC942}") = "AufgabeSkript1_94", "AufgabeSkript1_94\AufgabeSkript1_94.vcxproj", "{E3399C2F-9DF5-4145-B8D8-390C034FAB1F}"
EndProject
Project("{8BC9CEB8-8B4A-11D0-8D11-00A0C91BC942}") = "AufgabeSkript1_99", "AufgabeSkript1_99\AufgabeSkript1_99.vcxproj", "{DA2B7775-E4C9-4AD2-81B3-806089474288}"
EndProject
Project("{8BC9CEB8-8B4A-11D0-8D11-00A0C91BC942}") = "AufgabeSkript1_100", "AufgabeSkript1_100\AufgabeSkript1_100.vcxproj", "{04FDB530-37D2-4CE5-9786-5A63C444F43B}"
EndProject
Project("{8BC9CEB8-8B4A-11D0-8D11-00A0C91BC942}") = "AufgabeSkript1_101", "AufgabeSkript1_101\AufgabeSkript1_101.vcxproj", "{E0FCE9EC-1A61-4677-A7DA-09DA0904216B}"
EndProject
Project("{8BC9CEB8-8B4A-11D0-8D11-00A0C91BC942}") = "AufgabeSkript1_102", "AufgabeSkript1_102\AufgabeSkript1_102.vcxproj", "{97773E06-7393-4C3E-A6A3-26973D934632}"
EndProject
Project("{8BC9CEB8-8B4A-11D0-8D11-00A0C91BC942}") = "AufgabeSkript1_104", "AufgabeSkript1_104\AufgabeSkript1_104.vcxproj", "{9C88B22B-4980-47DE-ABFE-2A31BE0FC672}"
EndProject
Project("{8BC9CEB8-8B4A-11D0-8D11-00A0C91BC942}") = "AufgabeSkript1_105", "AufgabeSkript1_105\AufgabeSkript1_105.vcxproj", "{4B3B53AD-E5A8-4BFB-BAA7-566C0066F26A}"
EndProject
Project("{8BC9CEB8-8B4A-11D0-8D11-00A0C91BC942}") = "AufgabeSkript1_106", "AufgabeSkript1_106\AufgabeSkript1_106.vcxproj", "{AB73BC74-DC2E-4354-8F1F-6EB3D3C0AF71}"
EndProject
Project("{8BC9CEB8-8B4A-11D0-8D11-00A0C91BC942}") = "AufgabeSkript1_108", "AufgabeSkript1_108\AufgabeSkript1_108.vcxproj", "{14740F4C-DB90-4D33-B2C3-E5402A20E7DC}"
EndProject
Project("{8BC9CEB8-8B4A-11D0-8D11-00A0C91BC942}") = "AufgabeSkript1_109", "AufgabeSkript1_109\AufgabeSkript1_109.vcxproj", "{C30D9DFB-A9AC-4232-B0AB-F09C314639F1}"
EndProject
Project("{8BC9CEB8-8B4A-11D0-8D11-00A0C91BC942}") = "AufgabeSkript1_111", "AufgabeSkript1_111\AufgabeSkript1_111.vcxproj", "{9862BCFC-2886-454F-86AE-43C67CEC3143}"
EndProject
Project("{8BC9CEB8-8B4A-11D0-8D11-00A0C91BC942}") = "AufgabeSkript1_113", "AufgabeSkript1_113\AufgabeSkript1_113.vcxproj", "{78BF2224-D5BC-485B-88F8-F6F6E75FDE11}"
EndProject
Project("{8BC9CEB8-8B4A-11D0-8D11-00A0C91BC942}") = "AufgabeSkript1_114", "AufgabeSkript1_114\AufgabeSkript1_114.vcxproj", "{18A3FA1D-C6E4-479D-9A0A-CA743E31EEED}"
EndProject
Project("{8BC9CEB8-8B4A-11D0-8D11-00A0C91BC942}") = "AufgabeSkript1_115", "AufgabeSkript1_115\AufgabeSkript1_115.vcxproj", "{51BDE88A-7D00-4A66-95C9-8A2BD75FCD3A}"
EndProject
Project("{8BC9CEB8-8B4A-11D0-8D11-00A0C91BC942}") = "AufgabeSkript1_116", "AufgabeSkript1_116\AufgabeSkript1_116.vcxproj", "{411BFDBC-F9E6-48F5-A581-A589990C2383}"
EndProject
Project("{8BC9CEB8-8B4A-11D0-8D11-00A0C91BC942}") = "AufgabeSkript1_122", "AufgabeSkript1_122\AufgabeSkript1_122.vcxproj", "{69CF27EE-2B11-4980-9E02-6F059839FA53}"
EndProject
Project("{8BC9CEB8-8B4A-11D0-8D11-00A0C91BC942}") = "AufgabeSkript1_124", "AufgabeSkript1_124\AufgabeSkript1_124.vcxproj", "{2B8D0268-F53D-49EB-9AF4-124B65FB8BFC}"
EndProject
Project("{8BC9CEB8-8B4A-11D0-8D11-00A0C91BC942}") = "AufgabeSkript1_125", "AufgabeSkript1_125\AufgabeSkript1_125.vcxproj", "{6385F8D6-14BB-4C38-8734-1947C61F382D}"
EndProject
Project("{8BC9CEB8-8B4A-11D0-8D11-00A0C91BC942}") = "AufgabeSkript1_126", "AufgabeSkript1_126\AufgabeSkript1_126.vcxproj", "{9CE44D91-82B0-424F-8A6D-20C57DD453DC}"
EndProject
Project("{8BC9CEB8-8B4A-11D0-8D11-00A0C91BC942}") = "AufgabeSkript1_127", "AufgabeSkript1_127\AufgabeSkript1_127.vcxproj", "{4EEBAE18-E112-402F-B372-3C6E7FA6A198}"
EndProject
Project("{8BC9CEB8-8B4A-11D0-8D11-00A0C91BC942}") = "AufgabeSkript1_128", "AufgabeSkript1_128\AufgabeSkript1_128.vcxproj", "{4DC831E2-E93F-4AC0-A681-C371C5584D4D}"
EndProject
Project("{8BC9CEB8-8B4A-11D0-8D11-00A0C91BC942}") = "AufgabeSkript1_129", "AufgabeSkript1_129\AufgabeSkript1_129.vcxproj", "{4332D2B6-72B9-403B-BD41-56625B2E0CCD}"
EndProject
Project("{8BC9CEB8-8B4A-11D0-8D11-00A0C91BC942}") = "AufgabeSkript1_130", "AufgabeSkript1_130\AufgabeSkript1_130.vcxproj", "{D8EA472F-7C9A-443B-B978-6B82B54B3E8B}"
EndProject
Project("{8BC9CEB8-8B4A-11D0-8D11-00A0C91BC942}") = "AufgabeSkript1_131", "AufgabeSkript1_131\AufgabeSkript1_131.vcxproj", "{4178EC5E-C709-48B3-88C7-2757475229F6}"
EndProject
Project("{8BC9CEB8-8B4A-11D0-8D11-00A0C91BC942}") = "AufgabeSkript1_132", "AufgabeSkript1_132\AufgabeSkript1_132.vcxproj", "{9F7CEAA5-B2D5-459A-93E1-C40FC8FCD598}"
EndProject
Project("{8BC9CEB8-8B4A-11D0-8D11-00A0C91BC942}") = "AufgabeSkript1_134", "AufgabeSkript1_134\AufgabeSkript1_134.vcxproj", "{A2706646-9E04-498C-A78C-2166B7C36A43}"
EndProject
Project("{8BC9CEB8-8B4A-11D0-8D11-00A0C91BC942}") = "AufgabeSkript1_136", "AufgabeSkript1_136\AufgabeSkript1_136.vcxproj", "{FBD914AD-C5E0-4971-900D-B83A97FEF9F2}"
EndProject
Project("{8BC9CEB8-8B4A-11D0-8D11-00A0C91BC942}") = "AufgabeSkript1_140", "AufgabeSkript1_140\AufgabeSkript1_140.vcxproj", "{67B8F6BF-3721-4F42-9CF1-C32849EEFC7D}"
EndProject
Project("{8BC9CEB8-8B4A-11D0-8D11-00A0C91BC942}") = "AufgabeSkript1_143", "AufgabeSkript1_143\AufgabeSkript1_143.vcxproj", "{673E6B26-7EEE-49F6-A3FD-476C5E44BD0D}"
EndProject
Project("{8BC9CEB8-8B4A-11D0-8D11-00A0C91BC942}") = "AufgabeSkript1_148", "AufgabeSkript1_148\AufgabeSkript1_148.vcxproj", "{4000EB74-C020-459E-8F32-73987E5CCCF9}"
EndProject
Project("{8BC9CEB8-8B4A-11D0-8D11-00A0C91BC942}") = "AufgabeSkript1_149", "AufgabeSkript1_149\AufgabeSkript1_149.vcxproj", "{FE2C4CEA-73BE-45BC-975B-527B2FED475A}"
EndProject
Project("{8BC9CEB8-8B4A-11D0-8D11-00A0C91BC942}") = "AufgabeSkript1_150", "AufgabeSkript1_150\AufgabeSkript1_150.vcxproj", "{49496F81-ADE8-49B9-8026-EBBE9D5E1B7F}"
EndProject
Project("{8BC9CEB8-8B4A-11D0-8D11-00A0C91BC942}") = "AufgabeSkript1_151", "AufgabeSkript1_151\AufgabeSkript1_151.vcxproj", "{93A52A31-FDD3-45C8-A959-77459C399982}"
EndProject
Project("{8BC9CEB8-8B4A-11D0-8D11-00A0C91BC942}") = "AufgabeSkript1_154", "AufgabeSkript1_154\AufgabeSkript1_154.vcxproj", "{0D6B873C-FE84-49C5-82C1-7B8001E95003}"
EndProject
Project("{8BC9CEB8-8B4A-11D0-8D11-00A0C91BC942}") = "AufgabeSkript1_155", "AufgabeSkript1_155\AufgabeSkript1_155.vcxproj", "{4A6BE98E-6EF6-4A9E-BB27-1FB470F3F4B2}"
EndProject
Project("{8BC9CEB8-8B4A-11D0-8D11-00A0C91BC942}") = "AufgabeSkript1_156", "AufgabeSkript1_156\AufgabeSkript1_156.vcxproj", "{D5F439DD-3C0F-4E1A-8077-9C2C0D4827D4}"
EndProject
Project("{8BC9CEB8-8B4A-11D0-8D11-00A0C91BC942}") = "Übung4_3", "Übung4_3\Übung4_3.vcxproj", "{304E9E24-6A14-4306-A6AB-5AEE1D2FB511}"
EndProject
Project("{8BC9CEB8-8B4A-11D0-8D11-00A0C91BC942}") = "Übung4_4", "Übung4_4\Übung4_4.vcxproj", "{E894AFE1-6062-4FB7-BBFD-C2CB57F0F377}"
EndProject
Project("{8BC9CEB8-8B4A-11D0-8D11-00A0C91BC942}") = "Übung4_5", "Übung4_5\Übung4_5.vcxproj", "{2FA50BCC-E002-4ECF-AA5E-86B52C827B2F}"
EndProject
Project("{8BC9CEB8-8B4A-11D0-8D11-00A0C91BC942}") = "Übung4_6", "Übung4_6\Übung4_6.vcxproj", "{8FF68107-70C5-4519-8514-3C27888EF6AD}"
EndProject
Project("{8BC9CEB8-8B4A-11D0-8D11-00A0C91BC942}") = "Übung5_1", "Übung5_1\Übung5_1.vcxproj", "{6B09F87B-E808-4FBF-9B62-7A4004506F68}"
EndProject
Project("{8BC9CEB8-8B4A-11D0-8D11-00A0C91BC942}") = "Übung5_2", "Übung5_2\Übung5_2.vcxproj", "{6D6A6CF4-8F09-452F-96DF-7F0E6D728A55}"
EndProject
Project("{8BC9CEB8-8B4A-11D0-8D11-00A0C91BC942}") = "Übung5_3", "Übung5_3\Übung5_3.vcxproj", "{3B54C195-7227-4404-93CC-8CE8975B93E5}"
EndProject
Project("{8BC9CEB8-8B4A-11D0-8D11-00A0C91BC942}") = "Probeklausur1", "Probeklausur1\Probeklausur1.vcxproj", "{3E0442C4-5C7D-499D-A826-75B81000144A}"
EndProject
Project("{8BC9CEB8-8B4A-11D0-8D11-00A0C91BC942}") = "Probeklausur2", "Probeklausur2\Probeklausur2.vcxproj", "{23E171A6-1EA2-4496-BE11-C6A0DE510BD1}"
EndProject
Global
	GlobalSection(SolutionConfigurationPlatforms) = preSolution
		Debug|x64 = Debug|x64
		Debug|x86 = Debug|x86
		Release|x64 = Release|x64
		Release|x86 = Release|x86
	EndGlobalSection
	GlobalSection(ProjectConfigurationPlatforms) = postSolution
		{6001D36F-2A1B-43F0-8F8B-7F0A00FD6332}.Debug|x64.ActiveCfg = Debug|x64
		{6001D36F-2A1B-43F0-8F8B-7F0A00FD6332}.Debug|x64.Build.0 = Debug|x64
		{6001D36F-2A1B-43F0-8F8B-7F0A00FD6332}.Debug|x86.ActiveCfg = Debug|Win32
		{6001D36F-2A1B-43F0-8F8B-7F0A00FD6332}.Debug|x86.Build.0 = Debug|Win32
		{6001D36F-2A1B-43F0-8F8B-7F0A00FD6332}.Release|x64.ActiveCfg = Release|x64
		{6001D36F-2A1B-43F0-8F8B-7F0A00FD6332}.Release|x64.Build.0 = Release|x64
		{6001D36F-2A1B-43F0-8F8B-7F0A00FD6332}.Release|x86.ActiveCfg = Release|Win32
		{6001D36F-2A1B-43F0-8F8B-7F0A00FD6332}.Release|x86.Build.0 = Release|Win32
		{761BBF13-63FD-486B-8B9D-A1D98D5992C8}.Debug|x64.ActiveCfg = Debug|x64
		{761BBF13-63FD-486B-8B9D-A1D98D5992C8}.Debug|x64.Build.0 = Debug|x64
		{761BBF13-63FD-486B-8B9D-A1D98D5992C8}.Debug|x86.ActiveCfg = Debug|Win32
		{761BBF13-63FD-486B-8B9D-A1D98D5992C8}.Debug|x86.Build.0 = Debug|Win32
		{761BBF13-63FD-486B-8B9D-A1D98D5992C8}.Release|x64.ActiveCfg = Release|x64
		{761BBF13-63FD-486B-8B9D-A1D98D5992C8}.Release|x64.Build.0 = Release|x64
		{761BBF13-63FD-486B-8B9D-A1D98D5992C8}.Release|x86.ActiveCfg = Release|Win32
		{761BBF13-63FD-486B-8B9D-A1D98D5992C8}.Release|x86.Build.0 = Release|Win32
		{97B403A4-F45D-4699-AEAF-BCF7B1DED7DC}.Debug|x64.ActiveCfg = Debug|x64
		{97B403A4-F45D-4699-AEAF-BCF7B1DED7DC}.Debug|x64.Build.0 = Debug|x64
		{97B403A4-F45D-4699-AEAF-BCF7B1DED7DC}.Debug|x86.ActiveCfg = Debug|Win32
		{97B403A4-F45D-4699-AEAF-BCF7B1DED7DC}.Debug|x86.Build.0 = Debug|Win32
		{97B403A4-F45D-4699-AEAF-BCF7B1DED7DC}.Release|x64.ActiveCfg = Release|x64
		{97B403A4-F45D-4699-AEAF-BCF7B1DED7DC}.Release|x64.Build.0 = Release|x64
		{97B403A4-F45D-4699-AEAF-BCF7B1DED7DC}.Release|x86.ActiveCfg = Release|Win32
		{97B403A4-F45D-4699-AEAF-BCF7B1DED7DC}.Release|x86.Build.0 = Release|Win32
		{DB3DE753-78C2-4B01-9899-D7B67F262420}.Debug|x64.ActiveCfg = Debug|x64
		{DB3DE753-78C2-4B01-9899-D7B67F262420}.Debug|x64.Build.0 = Debug|x64
		{DB3DE753-78C2-4B01-9899-D7B67F262420}.Debug|x86.ActiveCfg = Debug|Win32
		{DB3DE753-78C2-4B01-9899-D7B67F262420}.Debug|x86.Build.0 = Debug|Win32
		{DB3DE753-78C2-4B01-9899-D7B67F262420}.Release|x64.ActiveCfg = Release|x64
		{DB3DE753-78C2-4B01-9899-D7B67F262420}.Release|x64.Build.0 = Release|x64
		{DB3DE753-78C2-4B01-9899-D7B67F262420}.Release|x86.ActiveCfg = Release|Win32
		{DB3DE753-78C2-4B01-9899-D7B67F262420}.Release|x86.Build.0 = Release|Win32
		{B36DC61D-E9A2-4D66-B853-11E93FD1B7DE}.Debug|x64.ActiveCfg = Debug|x64
		{B36DC61D-E9A2-4D66-B853-11E93FD1B7DE}.Debug|x64.Build.0 = Debug|x64
		{B36DC61D-E9A2-4D66-B853-11E93FD1B7DE}.Debug|x86.ActiveCfg = Debug|Win32
		{B36DC61D-E9A2-4D66-B853-11E93FD1B7DE}.Debug|x86.Build.0 = Debug|Win32
		{B36DC61D-E9A2-4D66-B853-11E93FD1B7DE}.Release|x64.ActiveCfg = Release|x64
		{B36DC61D-E9A2-4D66-B853-11E93FD1B7DE}.Release|x64.Build.0 = Release|x64
		{B36DC61D-E9A2-4D66-B853-11E93FD1B7DE}.Release|x86.ActiveCfg = Release|Win32
		{B36DC61D-E9A2-4D66-B853-11E93FD1B7DE}.Release|x86.Build.0 = Release|Win32
		{423F9365-8F7E-4CBC-9DF7-7149D209236A}.Debug|x64.ActiveCfg = Debug|x64
		{423F9365-8F7E-4CBC-9DF7-7149D209236A}.Debug|x64.Build.0 = Debug|x64
		{423F9365-8F7E-4CBC-9DF7-7149D209236A}.Debug|x86.ActiveCfg = Debug|Win32
		{423F9365-8F7E-4CBC-9DF7-7149D209236A}.Debug|x86.Build.0 = Debug|Win32
		{423F9365-8F7E-4CBC-9DF7-7149D209236A}.Release|x64.ActiveCfg = Release|x64
		{423F9365-8F7E-4CBC-9DF7-7149D209236A}.Release|x64.Build.0 = Release|x64
		{423F9365-8F7E-4CBC-9DF7-7149D209236A}.Release|x86.ActiveCfg = Release|Win32
		{423F9365-8F7E-4CBC-9DF7-7149D209236A}.Release|x86.Build.0 = Release|Win32
		{2F9892D1-CEB7-4432-AD46-DAD91C20E204}.Debug|x64.ActiveCfg = Debug|x64
		{2F9892D1-CEB7-4432-AD46-DAD91C20E204}.Debug|x64.Build.0 = Debug|x64
		{2F9892D1-CEB7-4432-AD46-DAD91C20E204}.Debug|x86.ActiveCfg = Debug|Win32
		{2F9892D1-CEB7-4432-AD46-DAD91C20E204}.Debug|x86.Build.0 = Debug|Win32
		{2F9892D1-CEB7-4432-AD46-DAD91C20E204}.Release|x64.ActiveCfg = Release|x64
		{2F9892D1-CEB7-4432-AD46-DAD91C20E204}.Release|x64.Build.0 = Release|x64
		{2F9892D1-CEB7-4432-AD46-DAD91C20E204}.Release|x86.ActiveCfg = Release|Win32
		{2F9892D1-CEB7-4432-AD46-DAD91C20E204}.Release|x86.Build.0 = Release|Win32
		{F9F545AC-8877-442C-852C-927AE66794B0}.Debug|x64.ActiveCfg = Debug|x64
		{F9F545AC-8877-442C-852C-927AE66794B0}.Debug|x64.Build.0 = Debug|x64
		{F9F545AC-8877-442C-852C-927AE66794B0}.Debug|x86.ActiveCfg = Debug|Win32
		{F9F545AC-8877-442C-852C-927AE66794B0}.Debug|x86.Build.0 = Debug|Win32
		{F9F545AC-8877-442C-852C-927AE66794B0}.Release|x64.ActiveCfg = Release|x64
		{F9F545AC-8877-442C-852C-927AE66794B0}.Release|x64.Build.0 = Release|x64
		{F9F545AC-8877-442C-852C-927AE66794B0}.Release|x86.ActiveCfg = Release|Win32
		{F9F545AC-8877-442C-852C-927AE66794B0}.Release|x86.Build.0 = Release|Win32
		{AC670136-67FF-48DA-8580-67F0F525688C}.Debug|x64.ActiveCfg = Debug|x64
		{AC670136-67FF-48DA-8580-67F0F525688C}.Debug|x64.Build.0 = Debug|x64
		{AC670136-67FF-48DA-8580-67F0F525688C}.Debug|x86.ActiveCfg = Debug|Win32
		{AC670136-67FF-48DA-8580-67F0F525688C}.Debug|x86.Build.0 = Debug|Win32
		{AC670136-67FF-48DA-8580-67F0F525688C}.Release|x64.ActiveCfg = Release|x64
		{AC670136-67FF-48DA-8580-67F0F525688C}.Release|x64.Build.0 = Release|x64
		{AC670136-67FF-48DA-8580-67F0F525688C}.Release|x86.ActiveCfg = Release|Win32
		{AC670136-67FF-48DA-8580-67F0F525688C}.Release|x86.Build.0 = Release|Win32
		{DA366399-CC01-4975-8812-DD71F775283F}.Debug|x64.ActiveCfg = Debug|x64
		{DA366399-CC01-4975-8812-DD71F775283F}.Debug|x64.Build.0 = Debug|x64
		{DA366399-CC01-4975-8812-DD71F775283F}.Debug|x86.ActiveCfg = Debug|Win32
		{DA366399-CC01-4975-8812-DD71F775283F}.Debug|x86.Build.0 = Debug|Win32
		{DA366399-CC01-4975-8812-DD71F775283F}.Release|x64.ActiveCfg = Release|x64
		{DA366399-CC01-4975-8812-DD71F775283F}.Release|x64.Build.0 = Release|x64
		{DA366399-CC01-4975-8812-DD71F775283F}.Release|x86.ActiveCfg = Release|Win32
		{DA366399-CC01-4975-8812-DD71F775283F}.Release|x86.Build.0 = Release|Win32
		{03C037BB-1100-49C8-A066-63C1900CE75B}.Debug|x64.ActiveCfg = Debug|x64
		{03C037BB-1100-49C8-A066-63C1900CE75B}.Debug|x64.Build.0 = Debug|x64
		{03C037BB-1100-49C8-A066-63C1900CE75B}.Debug|x86.ActiveCfg = Debug|Win32
		{03C037BB-1100-49C8-A066-63C1900CE75B}.Debug|x86.Build.0 = Debug|Win32
		{03C037BB-1100-49C8-A066-63C1900CE75B}.Release|x64.ActiveCfg = Release|x64
		{03C037BB-1100-49C8-A066-63C1900CE75B}.Release|x64.Build.0 = Release|x64
		{03C037BB-1100-49C8-A066-63C1900CE75B}.Release|x86.ActiveCfg = Release|Win32
		{03C037BB-1100-49C8-A066-63C1900CE75B}.Release|x86.Build.0 = Release|Win32
		{6932A4D2-9E27-4F35-9475-B4A909D7A09F}.Debug|x64.ActiveCfg = Debug|x64
		{6932A4D2-9E27-4F35-9475-B4A909D7A09F}.Debug|x64.Build.0 = Debug|x64
		{6932A4D2-9E27-4F35-9475-B4A909D7A09F}.Debug|x86.ActiveCfg = Debug|Win32
		{6932A4D2-9E27-4F35-9475-B4A909D7A09F}.Debug|x86.Build.0 = Debug|Win32
		{6932A4D2-9E27-4F35-9475-B4A909D7A09F}.Release|x64.ActiveCfg = Release|x64
		{6932A4D2-9E27-4F35-9475-B4A909D7A09F}.Release|x64.Build.0 = Release|x64
		{6932A4D2-9E27-4F35-9475-B4A909D7A09F}.Release|x86.ActiveCfg = Release|Win32
		{6932A4D2-9E27-4F35-9475-B4A909D7A09F}.Release|x86.Build.0 = Release|Win32
		{79819686-D46E-452F-BCA0-25AE83D48796}.Debug|x64.ActiveCfg = Debug|x64
		{79819686-D46E-452F-BCA0-25AE83D48796}.Debug|x64.Build.0 = Debug|x64
		{79819686-D46E-452F-BCA0-25AE83D48796}.Debug|x86.ActiveCfg = Debug|Win32
		{79819686-D46E-452F-BCA0-25AE83D48796}.Debug|x86.Build.0 = Debug|Win32
		{79819686-D46E-452F-BCA0-25AE83D48796}.Release|x64.ActiveCfg = Release|x64
		{79819686-D46E-452F-BCA0-25AE83D48796}.Release|x64.Build.0 = Release|x64
		{79819686-D46E-452F-BCA0-25AE83D48796}.Release|x86.ActiveCfg = Release|Win32
		{79819686-D46E-452F-BCA0-25AE83D48796}.Release|x86.Build.0 = Release|Win32
		{577B341D-6D4A-4329-AD8E-D208F7A8510B}.Debug|x64.ActiveCfg = Debug|x64
		{577B341D-6D4A-4329-AD8E-D208F7A8510B}.Debug|x64.Build.0 = Debug|x64
		{577B341D-6D4A-4329-AD8E-D208F7A8510B}.Debug|x86.ActiveCfg = Debug|Win32
		{577B341D-6D4A-4329-AD8E-D208F7A8510B}.Debug|x86.Build.0 = Debug|Win32
		{577B341D-6D4A-4329-AD8E-D208F7A8510B}.Release|x64.ActiveCfg = Release|x64
		{577B341D-6D4A-4329-AD8E-D208F7A8510B}.Release|x64.Build.0 = Release|x64
		{577B341D-6D4A-4329-AD8E-D208F7A8510B}.Release|x86.ActiveCfg = Release|Win32
		{577B341D-6D4A-4329-AD8E-D208F7A8510B}.Release|x86.Build.0 = Release|Win32
		{E9E3B3B6-EDCE-4249-9354-D9A5CF0EB3A3}.Debug|x64.ActiveCfg = Debug|x64
		{E9E3B3B6-EDCE-4249-9354-D9A5CF0EB3A3}.Debug|x64.Build.0 = Debug|x64
		{E9E3B3B6-EDCE-4249-9354-D9A5CF0EB3A3}.Debug|x86.ActiveCfg = Debug|Win32
		{E9E3B3B6-EDCE-4249-9354-D9A5CF0EB3A3}.Debug|x86.Build.0 = Debug|Win32
		{E9E3B3B6-EDCE-4249-9354-D9A5CF0EB3A3}.Release|x64.ActiveCfg = Release|x64
		{E9E3B3B6-EDCE-4249-9354-D9A5CF0EB3A3}.Release|x64.Build.0 = Release|x64
		{E9E3B3B6-EDCE-4249-9354-D9A5CF0EB3A3}.Release|x86.ActiveCfg = Release|Win32
		{E9E3B3B6-EDCE-4249-9354-D9A5CF0EB3A3}.Release|x86.Build.0 = Release|Win32
		{8280BAA1-99F7-4EB9-95DE-06D3675C44EC}.Debug|x64.ActiveCfg = Debug|x64
		{8280BAA1-99F7-4EB9-95DE-06D3675C44EC}.Debug|x64.Build.0 = Debug|x64
		{8280BAA1-99F7-4EB9-95DE-06D3675C44EC}.Debug|x86.ActiveCfg = Debug|Win32
		{8280BAA1-99F7-4EB9-95DE-06D3675C44EC}.Debug|x86.Build.0 = Debug|Win32
		{8280BAA1-99F7-4EB9-95DE-06D3675C44EC}.Release|x64.ActiveCfg = Release|x64
		{8280BAA1-99F7-4EB9-95DE-06D3675C44EC}.Release|x64.Build.0 = Release|x64
		{8280BAA1-99F7-4EB9-95DE-06D3675C44EC}.Release|x86.ActiveCfg = Release|Win32
		{8280BAA1-99F7-4EB9-95DE-06D3675C44EC}.Release|x86.Build.0 = Release|Win32
		{D2F185F2-6851-4E80-BC0F-42E2B1F3B950}.Debug|x64.ActiveCfg = Debug|x64
		{D2F185F2-6851-4E80-BC0F-42E2B1F3B950}.Debug|x64.Build.0 = Debug|x64
		{D2F185F2-6851-4E80-BC0F-42E2B1F3B950}.Debug|x86.ActiveCfg = Debug|Win32
		{D2F185F2-6851-4E80-BC0F-42E2B1F3B950}.Debug|x86.Build.0 = Debug|Win32
		{D2F185F2-6851-4E80-BC0F-42E2B1F3B950}.Release|x64.ActiveCfg = Release|x64
		{D2F185F2-6851-4E80-BC0F-42E2B1F3B950}.Release|x64.Build.0 = Release|x64
		{D2F185F2-6851-4E80-BC0F-42E2B1F3B950}.Release|x86.ActiveCfg = Release|Win32
		{D2F185F2-6851-4E80-BC0F-42E2B1F3B950}.Release|x86.Build.0 = Release|Win32
		{99FF0E23-90B7-4F82-8946-380763D5A659}.Debug|x64.ActiveCfg = Debug|x64
		{99FF0E23-90B7-4F82-8946-380763D5A659}.Debug|x64.Build.0 = Debug|x64
		{99FF0E23-90B7-4F82-8946-380763D5A659}.Debug|x86.ActiveCfg = Debug|Win32
		{99FF0E23-90B7-4F82-8946-380763D5A659}.Debug|x86.Build.0 = Debug|Win32
		{99FF0E23-90B7-4F82-8946-380763D5A659}.Release|x64.ActiveCfg = Release|x64
		{99FF0E23-90B7-4F82-8946-380763D5A659}.Release|x64.Build.0 = Release|x64
		{99FF0E23-90B7-4F82-8946-380763D5A659}.Release|x86.ActiveCfg = Release|Win32
		{99FF0E23-90B7-4F82-8946-380763D5A659}.Release|x86.Build.0 = Release|Win32
		{7A21E9DB-C019-4E06-892C-039A7BBDE80F}.Debug|x64.ActiveCfg = Debug|x64
		{7A21E9DB-C019-4E06-892C-039A7BBDE80F}.Debug|x64.Build.0 = Debug|x64
		{7A21E9DB-C019-4E06-892C-039A7BBDE80F}.Debug|x86.ActiveCfg = Debug|Win32
		{7A21E9DB-C019-4E06-892C-039A7BBDE80F}.Debug|x86.Build.0 = Debug|Win32
		{7A21E9DB-C019-4E06-892C-039A7BBDE80F}.Release|x64.ActiveCfg = Release|x64
		{7A21E9DB-C019-4E06-892C-039A7BBDE80F}.Release|x64.Build.0 = Release|x64
		{7A21E9DB-C019-4E06-892C-039A7BBDE80F}.Release|x86.ActiveCfg = Release|Win32
		{7A21E9DB-C019-4E06-892C-039A7BBDE80F}.Release|x86.Build.0 = Release|Win32
		{187E46EB-3019-42DF-8EA8-099A75C039AE}.Debug|x64.ActiveCfg = Debug|x64
		{187E46EB-3019-42DF-8EA8-099A75C039AE}.Debug|x64.Build.0 = Debug|x64
		{187E46EB-3019-42DF-8EA8-099A75C039AE}.Debug|x86.ActiveCfg = Debug|Win32
		{187E46EB-3019-42DF-8EA8-099A75C039AE}.Debug|x86.Build.0 = Debug|Win32
		{187E46EB-3019-42DF-8EA8-099A75C039AE}.Release|x64.ActiveCfg = Release|x64
		{187E46EB-3019-42DF-8EA8-099A75C039AE}.Release|x64.Build.0 = Release|x64
		{187E46EB-3019-42DF-8EA8-099A75C039AE}.Release|x86.ActiveCfg = Release|Win32
		{187E46EB-3019-42DF-8EA8-099A75C039AE}.Release|x86.Build.0 = Release|Win32
		{8CE63399-91A0-4136-A8AF-B7EA7BA49673}.Debug|x64.ActiveCfg = Debug|x64
		{8CE63399-91A0-4136-A8AF-B7EA7BA49673}.Debug|x64.Build.0 = Debug|x64
		{8CE63399-91A0-4136-A8AF-B7EA7BA49673}.Debug|x86.ActiveCfg = Debug|Win32
		{8CE63399-91A0-4136-A8AF-B7EA7BA49673}.Debug|x86.Build.0 = Debug|Win32
		{8CE63399-91A0-4136-A8AF-B7EA7BA49673}.Release|x64.ActiveCfg = Release|x64
		{8CE63399-91A0-4136-A8AF-B7EA7BA49673}.Release|x64.Build.0 = Release|x64
		{8CE63399-91A0-4136-A8AF-B7EA7BA49673}.Release|x86.ActiveCfg = Release|Win32
		{8CE63399-91A0-4136-A8AF-B7EA7BA49673}.Release|x86.Build.0 = Release|Win32
		{432EAA35-3D27-4C6C-B1AC-E5D468FE00A8}.Debug|x64.ActiveCfg = Debug|x64
		{432EAA35-3D27-4C6C-B1AC-E5D468FE00A8}.Debug|x64.Build.0 = Debug|x64
		{432EAA35-3D27-4C6C-B1AC-E5D468FE00A8}.Debug|x86.ActiveCfg = Debug|Win32
		{432EAA35-3D27-4C6C-B1AC-E5D468FE00A8}.Debug|x86.Build.0 = Debug|Win32
		{432EAA35-3D27-4C6C-B1AC-E5D468FE00A8}.Release|x64.ActiveCfg = Release|x64
		{432EAA35-3D27-4C6C-B1AC-E5D468FE00A8}.Release|x64.Build.0 = Release|x64
		{432EAA35-3D27-4C6C-B1AC-E5D468FE00A8}.Release|x86.ActiveCfg = Release|Win32
		{432EAA35-3D27-4C6C-B1AC-E5D468FE00A8}.Release|x86.Build.0 = Release|Win32
		{C468E7BA-490A-4EFC-ABA0-62716CAA8E55}.Debug|x64.ActiveCfg = Debug|x64
		{C468E7BA-490A-4EFC-ABA0-62716CAA8E55}.Debug|x64.Build.0 = Debug|x64
		{C468E7BA-490A-4EFC-ABA0-62716CAA8E55}.Debug|x86.ActiveCfg = Debug|Win32
		{C468E7BA-490A-4EFC-ABA0-62716CAA8E55}.Debug|x86.Build.0 = Debug|Win32
		{C468E7BA-490A-4EFC-ABA0-62716CAA8E55}.Release|x64.ActiveCfg = Release|x64
		{C468E7BA-490A-4EFC-ABA0-62716CAA8E55}.Release|x64.Build.0 = Release|x64
		{C468E7BA-490A-4EFC-ABA0-62716CAA8E55}.Release|x86.ActiveCfg = Release|Win32
		{C468E7BA-490A-4EFC-ABA0-62716CAA8E55}.Release|x86.Build.0 = Release|Win32
		{09C217A5-FC6F-4919-BB3F-F0339AE5CB6B}.Debug|x64.ActiveCfg = Debug|x64
		{09C217A5-FC6F-4919-BB3F-F0339AE5CB6B}.Debug|x64.Build.0 = Debug|x64
		{09C217A5-FC6F-4919-BB3F-F0339AE5CB6B}.Debug|x86.ActiveCfg = Debug|Win32
		{09C217A5-FC6F-4919-BB3F-F0339AE5CB6B}.Debug|x86.Build.0 = Debug|Win32
		{09C217A5-FC6F-4919-BB3F-F0339AE5CB6B}.Release|x64.ActiveCfg = Release|x64
		{09C217A5-FC6F-4919-BB3F-F0339AE5CB6B}.Release|x64.Build.0 = Release|x64
		{09C217A5-FC6F-4919-BB3F-F0339AE5CB6B}.Release|x86.ActiveCfg = Release|Win32
		{09C217A5-FC6F-4919-BB3F-F0339AE5CB6B}.Release|x86.Build.0 = Release|Win32
		{B8D516FE-95D1-4054-885A-0C78EB374BC5}.Debug|x64.ActiveCfg = Debug|x64
		{B8D516FE-95D1-4054-885A-0C78EB374BC5}.Debug|x64.Build.0 = Debug|x64
		{B8D516FE-95D1-4054-885A-0C78EB374BC5}.Debug|x86.ActiveCfg = Debug|Win32
		{B8D516FE-95D1-4054-885A-0C78EB374BC5}.Debug|x86.Build.0 = Debug|Win32
		{B8D516FE-95D1-4054-885A-0C78EB374BC5}.Release|x64.ActiveCfg = Release|x64
		{B8D516FE-95D1-4054-885A-0C78EB374BC5}.Release|x64.Build.0 = Release|x64
		{B8D516FE-95D1-4054-885A-0C78EB374BC5}.Release|x86.ActiveCfg = Release|Win32
		{B8D516FE-95D1-4054-885A-0C78EB374BC5}.Release|x86.Build.0 = Release|Win32
		{5C33DB5B-C68A-404B-84F4-A786ACE983EA}.Debug|x64.ActiveCfg = Debug|x64
		{5C33DB5B-C68A-404B-84F4-A786ACE983EA}.Debug|x64.Build.0 = Debug|x64
		{5C33DB5B-C68A-404B-84F4-A786ACE983EA}.Debug|x86.ActiveCfg = Debug|Win32
		{5C33DB5B-C68A-404B-84F4-A786ACE983EA}.Debug|x86.Build.0 = Debug|Win32
		{5C33DB5B-C68A-404B-84F4-A786ACE983EA}.Release|x64.ActiveCfg = Release|x64
		{5C33DB5B-C68A-404B-84F4-A786ACE983EA}.Release|x64.Build.0 = Release|x64
		{5C33DB5B-C68A-404B-84F4-A786ACE983EA}.Release|x86.ActiveCfg = Release|Win32
		{5C33DB5B-C68A-404B-84F4-A786ACE983EA}.Release|x86.Build.0 = Release|Win32
		{A051036F-972B-45D9-931E-8CC2A0C8A02C}.Debug|x64.ActiveCfg = Debug|x64
		{A051036F-972B-45D9-931E-8CC2A0C8A02C}.Debug|x64.Build.0 = Debug|x64
		{A051036F-972B-45D9-931E-8CC2A0C8A02C}.Debug|x86.ActiveCfg = Debug|Win32
		{A051036F-972B-45D9-931E-8CC2A0C8A02C}.Debug|x86.Build.0 = Debug|Win32
		{A051036F-972B-45D9-931E-8CC2A0C8A02C}.Release|x64.ActiveCfg = Release|x64
		{A051036F-972B-45D9-931E-8CC2A0C8A02C}.Release|x64.Build.0 = Release|x64
		{A051036F-972B-45D9-931E-8CC2A0C8A02C}.Release|x86.ActiveCfg = Release|Win32
		{A051036F-972B-45D9-931E-8CC2A0C8A02C}.Release|x86.Build.0 = Release|Win32
		{0E52C3D4-AB4A-44D4-908F-D732DC643273}.Debug|x64.ActiveCfg = Debug|x64
		{0E52C3D4-AB4A-44D4-908F-D732DC643273}.Debug|x64.Build.0 = Debug|x64
		{0E52C3D4-AB4A-44D4-908F-D732DC643273}.Debug|x86.ActiveCfg = Debug|Win32
		{0E52C3D4-AB4A-44D4-908F-D732DC643273}.Debug|x86.Build.0 = Debug|Win32
		{0E52C3D4-AB4A-44D4-908F-D732DC643273}.Release|x64.ActiveCfg = Release|x64
		{0E52C3D4-AB4A-44D4-908F-D732DC643273}.Release|x64.Build.0 = Release|x64
		{0E52C3D4-AB4A-44D4-908F-D732DC643273}.Release|x86.ActiveCfg = Release|Win32
		{0E52C3D4-AB4A-44D4-908F-D732DC643273}.Release|x86.Build.0 = Release|Win32
		{093AA920-BD20-4EF1-8180-9F7B27AE8A35}.Debug|x64.ActiveCfg = Debug|x64
		{093AA920-BD20-4EF1-8180-9F7B27AE8A35}.Debug|x64.Build.0 = Debug|x64
		{093AA920-BD20-4EF1-8180-9F7B27AE8A35}.Debug|x86.ActiveCfg = Debug|Win32
		{093AA920-BD20-4EF1-8180-9F7B27AE8A35}.Debug|x86.Build.0 = Debug|Win32
		{093AA920-BD20-4EF1-8180-9F7B27AE8A35}.Release|x64.ActiveCfg = Release|x64
		{093AA920-BD20-4EF1-8180-9F7B27AE8A35}.Release|x64.Build.0 = Release|x64
		{093AA920-BD20-4EF1-8180-9F7B27AE8A35}.Release|x86.ActiveCfg = Release|Win32
		{093AA920-BD20-4EF1-8180-9F7B27AE8A35}.Release|x86.Build.0 = Release|Win32
		{CEB6CBB1-504B-4FC2-AC4C-35D4286DE5E5}.Debug|x64.ActiveCfg = Debug|x64
		{CEB6CBB1-504B-4FC2-AC4C-35D4286DE5E5}.Debug|x64.Build.0 = Debug|x64
		{CEB6CBB1-504B-4FC2-AC4C-35D4286DE5E5}.Debug|x86.ActiveCfg = Debug|Win32
		{CEB6CBB1-504B-4FC2-AC4C-35D4286DE5E5}.Debug|x86.Build.0 = Debug|Win32
		{CEB6CBB1-504B-4FC2-AC4C-35D4286DE5E5}.Release|x64.ActiveCfg = Release|x64
		{CEB6CBB1-504B-4FC2-AC4C-35D4286DE5E5}.Release|x64.Build.0 = Release|x64
		{CEB6CBB1-504B-4FC2-AC4C-35D4286DE5E5}.Release|x86.ActiveCfg = Release|Win32
		{CEB6CBB1-504B-4FC2-AC4C-35D4286DE5E5}.Release|x86.Build.0 = Release|Win32
		{93FA6F11-B1D4-4790-AFA9-D68995F55A2F}.Debug|x64.ActiveCfg = Debug|x64
		{93FA6F11-B1D4-4790-AFA9-D68995F55A2F}.Debug|x64.Build.0 = Debug|x64
		{93FA6F11-B1D4-4790-AFA9-D68995F55A2F}.Debug|x86.ActiveCfg = Debug|Win32
		{93FA6F11-B1D4-4790-AFA9-D68995F55A2F}.Debug|x86.Build.0 = Debug|Win32
		{93FA6F11-B1D4-4790-AFA9-D68995F55A2F}.Release|x64.ActiveCfg = Release|x64
		{93FA6F11-B1D4-4790-AFA9-D68995F55A2F}.Release|x64.Build.0 = Release|x64
		{93FA6F11-B1D4-4790-AFA9-D68995F55A2F}.Release|x86.ActiveCfg = Release|Win32
		{93FA6F11-B1D4-4790-AFA9-D68995F55A2F}.Release|x86.Build.0 = Release|Win32
		{E2BF6FDD-E232-49C2-ACE0-C5A6E03273E6}.Debug|x64.ActiveCfg = Debug|x64
		{E2BF6FDD-E232-49C2-ACE0-C5A6E03273E6}.Debug|x64.Build.0 = Debug|x64
		{E2BF6FDD-E232-49C2-ACE0-C5A6E03273E6}.Debug|x86.ActiveCfg = Debug|Win32
		{E2BF6FDD-E232-49C2-ACE0-C5A6E03273E6}.Debug|x86.Build.0 = Debug|Win32
		{E2BF6FDD-E232-49C2-ACE0-C5A6E03273E6}.Release|x64.ActiveCfg = Release|x64
		{E2BF6FDD-E232-49C2-ACE0-C5A6E03273E6}.Release|x64.Build.0 = Release|x64
		{E2BF6FDD-E232-49C2-ACE0-C5A6E03273E6}.Release|x86.ActiveCfg = Release|Win32
		{E2BF6FDD-E232-49C2-ACE0-C5A6E03273E6}.Release|x86.Build.0 = Release|Win32
		{78964D41-93BC-4019-A82C-FE456516CE46}.Debug|x64.ActiveCfg = Debug|x64
		{78964D41-93BC-4019-A82C-FE456516CE46}.Debug|x64.Build.0 = Debug|x64
		{78964D41-93BC-4019-A82C-FE456516CE46}.Debug|x86.ActiveCfg = Debug|Win32
		{78964D41-93BC-4019-A82C-FE456516CE46}.Debug|x86.Build.0 = Debug|Win32
		{78964D41-93BC-4019-A82C-FE456516CE46}.Release|x64.ActiveCfg = Release|x64
		{78964D41-93BC-4019-A82C-FE456516CE46}.Release|x64.Build.0 = Release|x64
		{78964D41-93BC-4019-A82C-FE456516CE46}.Release|x86.ActiveCfg = Release|Win32
		{78964D41-93BC-4019-A82C-FE456516CE46}.Release|x86.Build.0 = Release|Win32
		{34A76F71-B617-4991-B98C-794014CC6B6B}.Debug|x64.ActiveCfg = Debug|x64
		{34A76F71-B617-4991-B98C-794014CC6B6B}.Debug|x64.Build.0 = Debug|x64
		{34A76F71-B617-4991-B98C-794014CC6B6B}.Debug|x86.ActiveCfg = Debug|Win32
		{34A76F71-B617-4991-B98C-794014CC6B6B}.Debug|x86.Build.0 = Debug|Win32
		{34A76F71-B617-4991-B98C-794014CC6B6B}.Release|x64.ActiveCfg = Release|x64
		{34A76F71-B617-4991-B98C-794014CC6B6B}.Release|x64.Build.0 = Release|x64
		{34A76F71-B617-4991-B98C-794014CC6B6B}.Release|x86.ActiveCfg = Release|Win32
		{34A76F71-B617-4991-B98C-794014CC6B6B}.Release|x86.Build.0 = Release|Win32
		{6BAF147E-7DED-4C0E-8220-10D72CE8B5E9}.Debug|x64.ActiveCfg = Debug|x64
		{6BAF147E-7DED-4C0E-8220-10D72CE8B5E9}.Debug|x64.Build.0 = Debug|x64
		{6BAF147E-7DED-4C0E-8220-10D72CE8B5E9}.Debug|x86.ActiveCfg = Debug|Win32
		{6BAF147E-7DED-4C0E-8220-10D72CE8B5E9}.Debug|x86.Build.0 = Debug|Win32
		{6BAF147E-7DED-4C0E-8220-10D72CE8B5E9}.Release|x64.ActiveCfg = Release|x64
		{6BAF147E-7DED-4C0E-8220-10D72CE8B5E9}.Release|x64.Build.0 = Release|x64
		{6BAF147E-7DED-4C0E-8220-10D72CE8B5E9}.Release|x86.ActiveCfg = Release|Win32
		{6BAF147E-7DED-4C0E-8220-10D72CE8B5E9}.Release|x86.Build.0 = Release|Win32
		{66BBE4C6-6631-43C7-ADE9-7588FA5CCA92}.Debug|x64.ActiveCfg = Debug|x64
		{66BBE4C6-6631-43C7-ADE9-7588FA5CCA92}.Debug|x64.Build.0 = Debug|x64
		{66BBE4C6-6631-43C7-ADE9-7588FA5CCA92}.Debug|x86.ActiveCfg = Debug|Win32
		{66BBE4C6-6631-43C7-ADE9-7588FA5CCA92}.Debug|x86.Build.0 = Debug|Win32
		{66BBE4C6-6631-43C7-ADE9-7588FA5CCA92}.Release|x64.ActiveCfg = Release|x64
		{66BBE4C6-6631-43C7-ADE9-7588FA5CCA92}.Release|x64.Build.0 = Release|x64
		{66BBE4C6-6631-43C7-ADE9-7588FA5CCA92}.Release|x86.ActiveCfg = Release|Win32
		{66BBE4C6-6631-43C7-ADE9-7588FA5CCA92}.Release|x86.Build.0 = Release|Win32
		{B7DEBF4C-99F3-45E5-BB28-4D57EE5EA8C4}.Debug|x64.ActiveCfg = Debug|x64
		{B7DEBF4C-99F3-45E5-BB28-4D57EE5EA8C4}.Debug|x64.Build.0 = Debug|x64
		{B7DEBF4C-99F3-45E5-BB28-4D57EE5EA8C4}.Debug|x86.ActiveCfg = Debug|Win32
		{B7DEBF4C-99F3-45E5-BB28-4D57EE5EA8C4}.Debug|x86.Build.0 = Debug|Win32
		{B7DEBF4C-99F3-45E5-BB28-4D57EE5EA8C4}.Release|x64.ActiveCfg = Release|x64
		{B7DEBF4C-99F3-45E5-BB28-4D57EE5EA8C4}.Release|x64.Build.0 = Release|x64
		{B7DEBF4C-99F3-45E5-BB28-4D57EE5EA8C4}.Release|x86.ActiveCfg = Release|Win32
		{B7DEBF4C-99F3-45E5-BB28-4D57EE5EA8C4}.Release|x86.Build.0 = Release|Win32
		{E1CE3A56-8E37-4DBA-AF4F-8CFEA9066C62}.Debug|x64.ActiveCfg = Debug|x64
		{E1CE3A56-8E37-4DBA-AF4F-8CFEA9066C62}.Debug|x64.Build.0 = Debug|x64
		{E1CE3A56-8E37-4DBA-AF4F-8CFEA9066C62}.Debug|x86.ActiveCfg = Debug|Win32
		{E1CE3A56-8E37-4DBA-AF4F-8CFEA9066C62}.Debug|x86.Build.0 = Debug|Win32
		{E1CE3A56-8E37-4DBA-AF4F-8CFEA9066C62}.Release|x64.ActiveCfg = Release|x64
		{E1CE3A56-8E37-4DBA-AF4F-8CFEA9066C62}.Release|x64.Build.0 = Release|x64
		{E1CE3A56-8E37-4DBA-AF4F-8CFEA9066C62}.Release|x86.ActiveCfg = Release|Win32
		{E1CE3A56-8E37-4DBA-AF4F-8CFEA9066C62}.Release|x86.Build.0 = Release|Win32
		{16813335-CA9C-4244-90DD-57FCD6F5B62E}.Debug|x64.ActiveCfg = Debug|x64
		{16813335-CA9C-4244-90DD-57FCD6F5B62E}.Debug|x64.Build.0 = Debug|x64
		{16813335-CA9C-4244-90DD-57FCD6F5B62E}.Debug|x86.ActiveCfg = Debug|Win32
		{16813335-CA9C-4244-90DD-57FCD6F5B62E}.Debug|x86.Build.0 = Debug|Win32
		{16813335-CA9C-4244-90DD-57FCD6F5B62E}.Release|x64.ActiveCfg = Release|x64
		{16813335-CA9C-4244-90DD-57FCD6F5B62E}.Release|x64.Build.0 = Release|x64
		{16813335-CA9C-4244-90DD-57FCD6F5B62E}.Release|x86.ActiveCfg = Release|Win32
		{16813335-CA9C-4244-90DD-57FCD6F5B62E}.Release|x86.Build.0 = Release|Win32
		{3D9B0DB1-3BE6-41FD-8A0C-9C082BBFDFF9}.Debug|x64.ActiveCfg = Debug|x64
		{3D9B0DB1-3BE6-41FD-8A0C-9C082BBFDFF9}.Debug|x64.Build.0 = Debug|x64
		{3D9B0DB1-3BE6-41FD-8A0C-9C082BBFDFF9}.Debug|x86.ActiveCfg = Debug|Win32
		{3D9B0DB1-3BE6-41FD-8A0C-9C082BBFDFF9}.Debug|x86.Build.0 = Debug|Win32
		{3D9B0DB1-3BE6-41FD-8A0C-9C082BBFDFF9}.Release|x64.ActiveCfg = Release|x64
		{3D9B0DB1-3BE6-41FD-8A0C-9C082BBFDFF9}.Release|x64.Build.0 = Release|x64
		{3D9B0DB1-3BE6-41FD-8A0C-9C082BBFDFF9}.Release|x86.ActiveCfg = Release|Win32
		{3D9B0DB1-3BE6-41FD-8A0C-9C082BBFDFF9}.Release|x86.Build.0 = Release|Win32
		{736CCD46-2EBB-4BBC-9AB9-7FCFD36A2B66}.Debug|x64.ActiveCfg = Debug|x64
		{736CCD46-2EBB-4BBC-9AB9-7FCFD36A2B66}.Debug|x64.Build.0 = Debug|x64
		{736CCD46-2EBB-4BBC-9AB9-7FCFD36A2B66}.Debug|x86.ActiveCfg = Debug|Win32
		{736CCD46-2EBB-4BBC-9AB9-7FCFD36A2B66}.Debug|x86.Build.0 = Debug|Win32
		{736CCD46-2EBB-4BBC-9AB9-7FCFD36A2B66}.Release|x64.ActiveCfg = Release|x64
		{736CCD46-2EBB-4BBC-9AB9-7FCFD36A2B66}.Release|x64.Build.0 = Release|x64
		{736CCD46-2EBB-4BBC-9AB9-7FCFD36A2B66}.Release|x86.ActiveCfg = Release|Win32
		{736CCD46-2EBB-4BBC-9AB9-7FCFD36A2B66}.Release|x86.Build.0 = Release|Win32
		{E6C66867-4C1B-4E28-8E70-27AD4C2C570A}.Debug|x64.ActiveCfg = Debug|x64
		{E6C66867-4C1B-4E28-8E70-27AD4C2C570A}.Debug|x64.Build.0 = Debug|x64
		{E6C66867-4C1B-4E28-8E70-27AD4C2C570A}.Debug|x86.ActiveCfg = Debug|Win32
		{E6C66867-4C1B-4E28-8E70-27AD4C2C570A}.Debug|x86.Build.0 = Debug|Win32
		{E6C66867-4C1B-4E28-8E70-27AD4C2C570A}.Release|x64.ActiveCfg = Release|x64
		{E6C66867-4C1B-4E28-8E70-27AD4C2C570A}.Release|x64.Build.0 = Release|x64
		{E6C66867-4C1B-4E28-8E70-27AD4C2C570A}.Release|x86.ActiveCfg = Release|Win32
		{E6C66867-4C1B-4E28-8E70-27AD4C2C570A}.Release|x86.Build.0 = Release|Win32
		{FD97D6CF-ED5A-47A8-96B1-12799F3CA90A}.Debug|x64.ActiveCfg = Debug|x64
		{FD97D6CF-ED5A-47A8-96B1-12799F3CA90A}.Debug|x64.Build.0 = Debug|x64
		{FD97D6CF-ED5A-47A8-96B1-12799F3CA90A}.Debug|x86.ActiveCfg = Debug|Win32
		{FD97D6CF-ED5A-47A8-96B1-12799F3CA90A}.Debug|x86.Build.0 = Debug|Win32
		{FD97D6CF-ED5A-47A8-96B1-12799F3CA90A}.Release|x64.ActiveCfg = Release|x64
		{FD97D6CF-ED5A-47A8-96B1-12799F3CA90A}.Release|x64.Build.0 = Release|x64
		{FD97D6CF-ED5A-47A8-96B1-12799F3CA90A}.Release|x86.ActiveCfg = Release|Win32
		{FD97D6CF-ED5A-47A8-96B1-12799F3CA90A}.Release|x86.Build.0 = Release|Win32
		{66539C6C-0EAF-444C-8544-7C1F7BBA2318}.Debug|x64.ActiveCfg = Debug|x64
		{66539C6C-0EAF-444C-8544-7C1F7BBA2318}.Debug|x64.Build.0 = Debug|x64
		{66539C6C-0EAF-444C-8544-7C1F7BBA2318}.Debug|x86.ActiveCfg = Debug|Win32
		{66539C6C-0EAF-444C-8544-7C1F7BBA2318}.Debug|x86.Build.0 = Debug|Win32
		{66539C6C-0EAF-444C-8544-7C1F7BBA2318}.Release|x64.ActiveCfg = Release|x64
		{66539C6C-0EAF-444C-8544-7C1F7BBA2318}.Release|x64.Build.0 = Release|x64
		{66539C6C-0EAF-444C-8544-7C1F7BBA2318}.Release|x86.ActiveCfg = Release|Win32
		{66539C6C-0EAF-444C-8544-7C1F7BBA2318}.Release|x86.Build.0 = Release|Win32
		{E60219DB-8EFF-4422-9AC9-2DA0791536D0}.Debug|x64.ActiveCfg = Debug|x64
		{E60219DB-8EFF-4422-9AC9-2DA0791536D0}.Debug|x64.Build.0 = Debug|x64
		{E60219DB-8EFF-4422-9AC9-2DA0791536D0}.Debug|x86.ActiveCfg = Debug|Win32
		{E60219DB-8EFF-4422-9AC9-2DA0791536D0}.Debug|x86.Build.0 = Debug|Win32
		{E60219DB-8EFF-4422-9AC9-2DA0791536D0}.Release|x64.ActiveCfg = Release|x64
		{E60219DB-8EFF-4422-9AC9-2DA0791536D0}.Release|x64.Build.0 = Release|x64
		{E60219DB-8EFF-4422-9AC9-2DA0791536D0}.Release|x86.ActiveCfg = Release|Win32
		{E60219DB-8EFF-4422-9AC9-2DA0791536D0}.Release|x86.Build.0 = Release|Win32
		{B776CFC8-EFD3-4005-861D-9C9CE1CFF2A3}.Debug|x64.ActiveCfg = Debug|x64
		{B776CFC8-EFD3-4005-861D-9C9CE1CFF2A3}.Debug|x64.Build.0 = Debug|x64
		{B776CFC8-EFD3-4005-861D-9C9CE1CFF2A3}.Debug|x86.ActiveCfg = Debug|Win32
		{B776CFC8-EFD3-4005-861D-9C9CE1CFF2A3}.Debug|x86.Build.0 = Debug|Win32
		{B776CFC8-EFD3-4005-861D-9C9CE1CFF2A3}.Release|x64.ActiveCfg = Release|x64
		{B776CFC8-EFD3-4005-861D-9C9CE1CFF2A3}.Release|x64.Build.0 = Release|x64
		{B776CFC8-EFD3-4005-861D-9C9CE1CFF2A3}.Release|x86.ActiveCfg = Release|Win32
		{B776CFC8-EFD3-4005-861D-9C9CE1CFF2A3}.Release|x86.Build.0 = Release|Win32
		{97D53DC8-9850-440F-BC49-C1D6BF297D2D}.Debug|x64.ActiveCfg = Debug|x64
		{97D53DC8-9850-440F-BC49-C1D6BF297D2D}.Debug|x64.Build.0 = Debug|x64
		{97D53DC8-9850-440F-BC49-C1D6BF297D2D}.Debug|x86.ActiveCfg = Debug|Win32
		{97D53DC8-9850-440F-BC49-C1D6BF297D2D}.Debug|x86.Build.0 = Debug|Win32
		{97D53DC8-9850-440F-BC49-C1D6BF297D2D}.Release|x64.ActiveCfg = Release|x64
		{97D53DC8-9850-440F-BC49-C1D6BF297D2D}.Release|x64.Build.0 = Release|x64
		{97D53DC8-9850-440F-BC49-C1D6BF297D2D}.Release|x86.ActiveCfg = Release|Win32
		{97D53DC8-9850-440F-BC49-C1D6BF297D2D}.Release|x86.Build.0 = Release|Win32
		{4B913CEC-800A-4F4A-A56A-1B1E8C7BE600}.Debug|x64.ActiveCfg = Debug|x64
		{4B913CEC-800A-4F4A-A56A-1B1E8C7BE600}.Debug|x64.Build.0 = Debug|x64
		{4B913CEC-800A-4F4A-A56A-1B1E8C7BE600}.Debug|x86.ActiveCfg = Debug|Win32
		{4B913CEC-800A-4F4A-A56A-1B1E8C7BE600}.Debug|x86.Build.0 = Debug|Win32
		{4B913CEC-800A-4F4A-A56A-1B1E8C7BE600}.Release|x64.ActiveCfg = Release|x64
		{4B913CEC-800A-4F4A-A56A-1B1E8C7BE600}.Release|x64.Build.0 = Release|x64
		{4B913CEC-800A-4F4A-A56A-1B1E8C7BE600}.Release|x86.ActiveCfg = Release|Win32
		{4B913CEC-800A-4F4A-A56A-1B1E8C7BE600}.Release|x86.Build.0 = Release|Win32
		{E3399C2F-9DF5-4145-B8D8-390C034FAB1F}.Debug|x64.ActiveCfg = Debug|x64
		{E3399C2F-9DF5-4145-B8D8-390C034FAB1F}.Debug|x64.Build.0 = Debug|x64
		{E3399C2F-9DF5-4145-B8D8-390C034FAB1F}.Debug|x86.ActiveCfg = Debug|Win32
		{E3399C2F-9DF5-4145-B8D8-390C034FAB1F}.Debug|x86.Build.0 = Debug|Win32
		{E3399C2F-9DF5-4145-B8D8-390C034FAB1F}.Release|x64.ActiveCfg = Release|x64
		{E3399C2F-9DF5-4145-B8D8-390C034FAB1F}.Release|x64.Build.0 = Release|x64
		{E3399C2F-9DF5-4145-B8D8-390C034FAB1F}.Release|x86.ActiveCfg = Release|Win32
		{E3399C2F-9DF5-4145-B8D8-390C034FAB1F}.Release|x86.Build.0 = Release|Win32
		{DA2B7775-E4C9-4AD2-81B3-806089474288}.Debug|x64.ActiveCfg = Debug|x64
		{DA2B7775-E4C9-4AD2-81B3-806089474288}.Debug|x64.Build.0 = Debug|x64
		{DA2B7775-E4C9-4AD2-81B3-806089474288}.Debug|x86.ActiveCfg = Debug|Win32
		{DA2B7775-E4C9-4AD2-81B3-806089474288}.Debug|x86.Build.0 = Debug|Win32
		{DA2B7775-E4C9-4AD2-81B3-806089474288}.Release|x64.ActiveCfg = Release|x64
		{DA2B7775-E4C9-4AD2-81B3-806089474288}.Release|x64.Build.0 = Release|x64
		{DA2B7775-E4C9-4AD2-81B3-806089474288}.Release|x86.ActiveCfg = Release|Win32
		{DA2B7775-E4C9-4AD2-81B3-806089474288}.Release|x86.Build.0 = Release|Win32
		{04FDB530-37D2-4CE5-9786-5A63C444F43B}.Debug|x64.ActiveCfg = Debug|x64
		{04FDB530-37D2-4CE5-9786-5A63C444F43B}.Debug|x64.Build.0 = Debug|x64
		{04FDB530-37D2-4CE5-9786-5A63C444F43B}.Debug|x86.ActiveCfg = Debug|Win32
		{04FDB530-37D2-4CE5-9786-5A63C444F43B}.Debug|x86.Build.0 = Debug|Win32
		{04FDB530-37D2-4CE5-9786-5A63C444F43B}.Release|x64.ActiveCfg = Release|x64
		{04FDB530-37D2-4CE5-9786-5A63C444F43B}.Release|x64.Build.0 = Release|x64
		{04FDB530-37D2-4CE5-9786-5A63C444F43B}.Release|x86.ActiveCfg = Release|Win32
		{04FDB530-37D2-4CE5-9786-5A63C444F43B}.Release|x86.Build.0 = Release|Win32
		{E0FCE9EC-1A61-4677-A7DA-09DA0904216B}.Debug|x64.ActiveCfg = Debug|x64
		{E0FCE9EC-1A61-4677-A7DA-09DA0904216B}.Debug|x64.Build.0 = Debug|x64
		{E0FCE9EC-1A61-4677-A7DA-09DA0904216B}.Debug|x86.ActiveCfg = Debug|Win32
		{E0FCE9EC-1A61-4677-A7DA-09DA0904216B}.Debug|x86.Build.0 = Debug|Win32
		{E0FCE9EC-1A61-4677-A7DA-09DA0904216B}.Release|x64.ActiveCfg = Release|x64
		{E0FCE9EC-1A61-4677-A7DA-09DA0904216B}.Release|x64.Build.0 = Release|x64
		{E0FCE9EC-1A61-4677-A7DA-09DA0904216B}.Release|x86.ActiveCfg = Release|Win32
		{E0FCE9EC-1A61-4677-A7DA-09DA0904216B}.Release|x86.Build.0 = Release|Win32
		{97773E06-7393-4C3E-A6A3-26973D934632}.Debug|x64.ActiveCfg = Debug|x64
		{97773E06-7393-4C3E-A6A3-26973D934632}.Debug|x64.Build.0 = Debug|x64
		{97773E06-7393-4C3E-A6A3-26973D934632}.Debug|x86.ActiveCfg = Debug|Win32
		{97773E06-7393-4C3E-A6A3-26973D934632}.Debug|x86.Build.0 = Debug|Win32
		{97773E06-7393-4C3E-A6A3-26973D934632}.Release|x64.ActiveCfg = Release|x64
		{97773E06-7393-4C3E-A6A3-26973D934632}.Release|x64.Build.0 = Release|x64
		{97773E06-7393-4C3E-A6A3-26973D934632}.Release|x86.ActiveCfg = Release|Win32
		{97773E06-7393-4C3E-A6A3-26973D934632}.Release|x86.Build.0 = Release|Win32
		{9C88B22B-4980-47DE-ABFE-2A31BE0FC672}.Debug|x64.ActiveCfg = Debug|x64
		{9C88B22B-4980-47DE-ABFE-2A31BE0FC672}.Debug|x64.Build.0 = Debug|x64
		{9C88B22B-4980-47DE-ABFE-2A31BE0FC672}.Debug|x86.ActiveCfg = Debug|Win32
		{9C88B22B-4980-47DE-ABFE-2A31BE0FC672}.Debug|x86.Build.0 = Debug|Win32
		{9C88B22B-4980-47DE-ABFE-2A31BE0FC672}.Release|x64.ActiveCfg = Release|x64
		{9C88B22B-4980-47DE-ABFE-2A31BE0FC672}.Release|x64.Build.0 = Release|x64
		{9C88B22B-4980-47DE-ABFE-2A31BE0FC672}.Release|x86.ActiveCfg = Release|Win32
		{9C88B22B-4980-47DE-ABFE-2A31BE0FC672}.Release|x86.Build.0 = Release|Win32
		{4B3B53AD-E5A8-4BFB-BAA7-566C0066F26A}.Debug|x64.ActiveCfg = Debug|x64
		{4B3B53AD-E5A8-4BFB-BAA7-566C0066F26A}.Debug|x64.Build.0 = Debug|x64
		{4B3B53AD-E5A8-4BFB-BAA7-566C0066F26A}.Debug|x86.ActiveCfg = Debug|Win32
		{4B3B53AD-E5A8-4BFB-BAA7-566C0066F26A}.Debug|x86.Build.0 = Debug|Win32
		{4B3B53AD-E5A8-4BFB-BAA7-566C0066F26A}.Release|x64.ActiveCfg = Release|x64
		{4B3B53AD-E5A8-4BFB-BAA7-566C0066F26A}.Release|x64.Build.0 = Release|x64
		{4B3B53AD-E5A8-4BFB-BAA7-566C0066F26A}.Release|x86.ActiveCfg = Release|Win32
		{4B3B53AD-E5A8-4BFB-BAA7-566C0066F26A}.Release|x86.Build.0 = Release|Win32
		{AB73BC74-DC2E-4354-8F1F-6EB3D3C0AF71}.Debug|x64.ActiveCfg = Debug|x64
		{AB73BC74-DC2E-4354-8F1F-6EB3D3C0AF71}.Debug|x64.Build.0 = Debug|x64
		{AB73BC74-DC2E-4354-8F1F-6EB3D3C0AF71}.Debug|x86.ActiveCfg = Debug|Win32
		{AB73BC74-DC2E-4354-8F1F-6EB3D3C0AF71}.Debug|x86.Build.0 = Debug|Win32
		{AB73BC74-DC2E-4354-8F1F-6EB3D3C0AF71}.Release|x64.ActiveCfg = Release|x64
		{AB73BC74-DC2E-4354-8F1F-6EB3D3C0AF71}.Release|x64.Build.0 = Release|x64
		{AB73BC74-DC2E-4354-8F1F-6EB3D3C0AF71}.Release|x86.ActiveCfg = Release|Win32
		{AB73BC74-DC2E-4354-8F1F-6EB3D3C0AF71}.Release|x86.Build.0 = Release|Win32
		{14740F4C-DB90-4D33-B2C3-E5402A20E7DC}.Debug|x64.ActiveCfg = Debug|x64
		{14740F4C-DB90-4D33-B2C3-E5402A20E7DC}.Debug|x64.Build.0 = Debug|x64
		{14740F4C-DB90-4D33-B2C3-E5402A20E7DC}.Debug|x86.ActiveCfg = Debug|Win32
		{14740F4C-DB90-4D33-B2C3-E5402A20E7DC}.Debug|x86.Build.0 = Debug|Win32
		{14740F4C-DB90-4D33-B2C3-E5402A20E7DC}.Release|x64.ActiveCfg = Release|x64
		{14740F4C-DB90-4D33-B2C3-E5402A20E7DC}.Release|x64.Build.0 = Release|x64
		{14740F4C-DB90-4D33-B2C3-E5402A20E7DC}.Release|x86.ActiveCfg = Release|Win32
		{14740F4C-DB90-4D33-B2C3-E5402A20E7DC}.Release|x86.Build.0 = Release|Win32
		{C30D9DFB-A9AC-4232-B0AB-F09C314639F1}.Debug|x64.ActiveCfg = Debug|x64
		{C30D9DFB-A9AC-4232-B0AB-F09C314639F1}.Debug|x64.Build.0 = Debug|x64
		{C30D9DFB-A9AC-4232-B0AB-F09C314639F1}.Debug|x86.ActiveCfg = Debug|Win32
		{C30D9DFB-A9AC-4232-B0AB-F09C314639F1}.Debug|x86.Build.0 = Debug|Win32
		{C30D9DFB-A9AC-4232-B0AB-F09C314639F1}.Release|x64.ActiveCfg = Release|x64
		{C30D9DFB-A9AC-4232-B0AB-F09C314639F1}.Release|x64.Build.0 = Release|x64
		{C30D9DFB-A9AC-4232-B0AB-F09C314639F1}.Release|x86.ActiveCfg = Release|Win32
		{C30D9DFB-A9AC-4232-B0AB-F09C314639F1}.Release|x86.Build.0 = Release|Win32
		{9862BCFC-2886-454F-86AE-43C67CEC3143}.Debug|x64.ActiveCfg = Debug|x64
		{9862BCFC-2886-454F-86AE-43C67CEC3143}.Debug|x64.Build.0 = Debug|x64
		{9862BCFC-2886-454F-86AE-43C67CEC3143}.Debug|x86.ActiveCfg = Debug|Win32
		{9862BCFC-2886-454F-86AE-43C67CEC3143}.Debug|x86.Build.0 = Debug|Win32
		{9862BCFC-2886-454F-86AE-43C67CEC3143}.Release|x64.ActiveCfg = Release|x64
		{9862BCFC-2886-454F-86AE-43C67CEC3143}.Release|x64.Build.0 = Release|x64
		{9862BCFC-2886-454F-86AE-43C67CEC3143}.Release|x86.ActiveCfg = Release|Win32
		{9862BCFC-2886-454F-86AE-43C67CEC3143}.Release|x86.Build.0 = Release|Win32
		{78BF2224-D5BC-485B-88F8-F6F6E75FDE11}.Debug|x64.ActiveCfg = Debug|x64
		{78BF2224-D5BC-485B-88F8-F6F6E75FDE11}.Debug|x64.Build.0 = Debug|x64
		{78BF2224-D5BC-485B-88F8-F6F6E75FDE11}.Debug|x86.ActiveCfg = Debug|Win32
		{78BF2224-D5BC-485B-88F8-F6F6E75FDE11}.Debug|x86.Build.0 = Debug|Win32
		{78BF2224-D5BC-485B-88F8-F6F6E75FDE11}.Release|x64.ActiveCfg = Release|x64
		{78BF2224-D5BC-485B-88F8-F6F6E75FDE11}.Release|x64.Build.0 = Release|x64
		{78BF2224-D5BC-485B-88F8-F6F6E75FDE11}.Release|x86.ActiveCfg = Release|Win32
		{78BF2224-D5BC-485B-88F8-F6F6E75FDE11}.Release|x86.Build.0 = Release|Win32
		{18A3FA1D-C6E4-479D-9A0A-CA743E31EEED}.Debug|x64.ActiveCfg = Debug|x64
		{18A3FA1D-C6E4-479D-9A0A-CA743E31EEED}.Debug|x64.Build.0 = Debug|x64
		{18A3FA1D-C6E4-479D-9A0A-CA743E31EEED}.Debug|x86.ActiveCfg = Debug|Win32
		{18A3FA1D-C6E4-479D-9A0A-CA743E31EEED}.Debug|x86.Build.0 = Debug|Win32
		{18A3FA1D-C6E4-479D-9A0A-CA743E31EEED}.Release|x64.ActiveCfg = Release|x64
		{18A3FA1D-C6E4-479D-9A0A-CA743E31EEED}.Release|x64.Build.0 = Release|x64
		{18A3FA1D-C6E4-479D-9A0A-CA743E31EEED}.Release|x86.ActiveCfg = Release|Win32
		{18A3FA1D-C6E4-479D-9A0A-CA743E31EEED}.Release|x86.Build.0 = Release|Win32
		{51BDE88A-7D00-4A66-95C9-8A2BD75FCD3A}.Debug|x64.ActiveCfg = Debug|x64
		{51BDE88A-7D00-4A66-95C9-8A2BD75FCD3A}.Debug|x64.Build.0 = Debug|x64
		{51BDE88A-7D00-4A66-95C9-8A2BD75FCD3A}.Debug|x86.ActiveCfg = Debug|Win32
		{51BDE88A-7D00-4A66-95C9-8A2BD75FCD3A}.Debug|x86.Build.0 = Debug|Win32
		{51BDE88A-7D00-4A66-95C9-8A2BD75FCD3A}.Release|x64.ActiveCfg = Release|x64
		{51BDE88A-7D00-4A66-95C9-8A2BD75FCD3A}.Release|x64.Build.0 = Release|x64
		{51BDE88A-7D00-4A66-95C9-8A2BD75FCD3A}.Release|x86.ActiveCfg = Release|Win32
		{51BDE88A-7D00-4A66-95C9-8A2BD75FCD3A}.Release|x86.Build.0 = Release|Win32
		{411BFDBC-F9E6-48F5-A581-A589990C2383}.Debug|x64.ActiveCfg = Debug|x64
		{411BFDBC-F9E6-48F5-A581-A589990C2383}.Debug|x64.Build.0 = Debug|x64
		{411BFDBC-F9E6-48F5-A581-A589990C2383}.Debug|x86.ActiveCfg = Debug|Win32
		{411BFDBC-F9E6-48F5-A581-A589990C2383}.Debug|x86.Build.0 = Debug|Win32
		{411BFDBC-F9E6-48F5-A581-A589990C2383}.Release|x64.ActiveCfg = Release|x64
		{411BFDBC-F9E6-48F5-A581-A589990C2383}.Release|x64.Build.0 = Release|x64
		{411BFDBC-F9E6-48F5-A581-A589990C2383}.Release|x86.ActiveCfg = Release|Win32
		{411BFDBC-F9E6-48F5-A581-A589990C2383}.Release|x86.Build.0 = Release|Win32
		{69CF27EE-2B11-4980-9E02-6F059839FA53}.Debug|x64.ActiveCfg = Debug|x64
		{69CF27EE-2B11-4980-9E02-6F059839FA53}.Debug|x64.Build.0 = Debug|x64
		{69CF27EE-2B11-4980-9E02-6F059839FA53}.Debug|x86.ActiveCfg = Debug|Win32
		{69CF27EE-2B11-4980-9E02-6F059839FA53}.Debug|x86.Build.0 = Debug|Win32
		{69CF27EE-2B11-4980-9E02-6F059839FA53}.Release|x64.ActiveCfg = Release|x64
		{69CF27EE-2B11-4980-9E02-6F059839FA53}.Release|x64.Build.0 = Release|x64
		{69CF27EE-2B11-4980-9E02-6F059839FA53}.Release|x86.ActiveCfg = Release|Win32
		{69CF27EE-2B11-4980-9E02-6F059839FA53}.Release|x86.Build.0 = Release|Win32
		{2B8D0268-F53D-49EB-9AF4-124B65FB8BFC}.Debug|x64.ActiveCfg = Debug|x64
		{2B8D0268-F53D-49EB-9AF4-124B65FB8BFC}.Debug|x64.Build.0 = Debug|x64
		{2B8D0268-F53D-49EB-9AF4-124B65FB8BFC}.Debug|x86.ActiveCfg = Debug|Win32
		{2B8D0268-F53D-49EB-9AF4-124B65FB8BFC}.Debug|x86.Build.0 = Debug|Win32
		{2B8D0268-F53D-49EB-9AF4-124B65FB8BFC}.Release|x64.ActiveCfg = Release|x64
		{2B8D0268-F53D-49EB-9AF4-124B65FB8BFC}.Release|x64.Build.0 = Release|x64
		{2B8D0268-F53D-49EB-9AF4-124B65FB8BFC}.Release|x86.ActiveCfg = Release|Win32
		{2B8D0268-F53D-49EB-9AF4-124B65FB8BFC}.Release|x86.Build.0 = Release|Win32
		{6385F8D6-14BB-4C38-8734-1947C61F382D}.Debug|x64.ActiveCfg = Debug|x64
		{6385F8D6-14BB-4C38-8734-1947C61F382D}.Debug|x64.Build.0 = Debug|x64
		{6385F8D6-14BB-4C38-8734-1947C61F382D}.Debug|x86.ActiveCfg = Debug|Win32
		{6385F8D6-14BB-4C38-8734-1947C61F382D}.Debug|x86.Build.0 = Debug|Win32
		{6385F8D6-14BB-4C38-8734-1947C61F382D}.Release|x64.ActiveCfg = Release|x64
		{6385F8D6-14BB-4C38-8734-1947C61F382D}.Release|x64.Build.0 = Release|x64
		{6385F8D6-14BB-4C38-8734-1947C61F382D}.Release|x86.ActiveCfg = Release|Win32
		{6385F8D6-14BB-4C38-8734-1947C61F382D}.Release|x86.Build.0 = Release|Win32
		{9CE44D91-82B0-424F-8A6D-20C57DD453DC}.Debug|x64.ActiveCfg = Debug|x64
		{9CE44D91-82B0-424F-8A6D-20C57DD453DC}.Debug|x64.Build.0 = Debug|x64
		{9CE44D91-82B0-424F-8A6D-20C57DD453DC}.Debug|x86.ActiveCfg = Debug|Win32
		{9CE44D91-82B0-424F-8A6D-20C57DD453DC}.Debug|x86.Build.0 = Debug|Win32
		{9CE44D91-82B0-424F-8A6D-20C57DD453DC}.Release|x64.ActiveCfg = Release|x64
		{9CE44D91-82B0-424F-8A6D-20C57DD453DC}.Release|x64.Build.0 = Release|x64
		{9CE44D91-82B0-424F-8A6D-20C57DD453DC}.Release|x86.ActiveCfg = Release|Win32
		{9CE44D91-82B0-424F-8A6D-20C57DD453DC}.Release|x86.Build.0 = Release|Win32
		{4EEBAE18-E112-402F-B372-3C6E7FA6A198}.Debug|x64.ActiveCfg = Debug|x64
		{4EEBAE18-E112-402F-B372-3C6E7FA6A198}.Debug|x64.Build.0 = Debug|x64
		{4EEBAE18-E112-402F-B372-3C6E7FA6A198}.Debug|x86.ActiveCfg = Debug|Win32
		{4EEBAE18-E112-402F-B372-3C6E7FA6A198}.Debug|x86.Build.0 = Debug|Win32
		{4EEBAE18-E112-402F-B372-3C6E7FA6A198}.Release|x64.ActiveCfg = Release|x64
		{4EEBAE18-E112-402F-B372-3C6E7FA6A198}.Release|x64.Build.0 = Release|x64
		{4EEBAE18-E112-402F-B372-3C6E7FA6A198}.Release|x86.ActiveCfg = Release|Win32
		{4EEBAE18-E112-402F-B372-3C6E7FA6A198}.Release|x86.Build.0 = Release|Win32
		{4DC831E2-E93F-4AC0-A681-C371C5584D4D}.Debug|x64.ActiveCfg = Debug|x64
		{4DC831E2-E93F-4AC0-A681-C371C5584D4D}.Debug|x64.Build.0 = Debug|x64
		{4DC831E2-E93F-4AC0-A681-C371C5584D4D}.Debug|x86.ActiveCfg = Debug|Win32
		{4DC831E2-E93F-4AC0-A681-C371C5584D4D}.Debug|x86.Build.0 = Debug|Win32
		{4DC831E2-E93F-4AC0-A681-C371C5584D4D}.Release|x64.ActiveCfg = Release|x64
		{4DC831E2-E93F-4AC0-A681-C371C5584D4D}.Release|x64.Build.0 = Release|x64
		{4DC831E2-E93F-4AC0-A681-C371C5584D4D}.Release|x86.ActiveCfg = Release|Win32
		{4DC831E2-E93F-4AC0-A681-C371C5584D4D}.Release|x86.Build.0 = Release|Win32
		{4332D2B6-72B9-403B-BD41-56625B2E0CCD}.Debug|x64.ActiveCfg = Debug|x64
		{4332D2B6-72B9-403B-BD41-56625B2E0CCD}.Debug|x64.Build.0 = Debug|x64
		{4332D2B6-72B9-403B-BD41-56625B2E0CCD}.Debug|x86.ActiveCfg = Debug|Win32
		{4332D2B6-72B9-403B-BD41-56625B2E0CCD}.Debug|x86.Build.0 = Debug|Win32
		{4332D2B6-72B9-403B-BD41-56625B2E0CCD}.Release|x64.ActiveCfg = Release|x64
		{4332D2B6-72B9-403B-BD41-56625B2E0CCD}.Release|x64.Build.0 = Release|x64
		{4332D2B6-72B9-403B-BD41-56625B2E0CCD}.Release|x86.ActiveCfg = Release|Win32
		{4332D2B6-72B9-403B-BD41-56625B2E0CCD}.Release|x86.Build.0 = Release|Win32
		{D8EA472F-7C9A-443B-B978-6B82B54B3E8B}.Debug|x64.ActiveCfg = Debug|x64
		{D8EA472F-7C9A-443B-B978-6B82B54B3E8B}.Debug|x64.Build.0 = Debug|x64
		{D8EA472F-7C9A-443B-B978-6B82B54B3E8B}.Debug|x86.ActiveCfg = Debug|Win32
		{D8EA472F-7C9A-443B-B978-6B82B54B3E8B}.Debug|x86.Build.0 = Debug|Win32
		{D8EA472F-7C9A-443B-B978-6B82B54B3E8B}.Release|x64.ActiveCfg = Release|x64
		{D8EA472F-7C9A-443B-B978-6B82B54B3E8B}.Release|x64.Build.0 = Release|x64
		{D8EA472F-7C9A-443B-B978-6B82B54B3E8B}.Release|x86.ActiveCfg = Release|Win32
		{D8EA472F-7C9A-443B-B978-6B82B54B3E8B}.Release|x86.Build.0 = Release|Win32
		{4178EC5E-C709-48B3-88C7-2757475229F6}.Debug|x64.ActiveCfg = Debug|x64
		{4178EC5E-C709-48B3-88C7-2757475229F6}.Debug|x64.Build.0 = Debug|x64
		{4178EC5E-C709-48B3-88C7-2757475229F6}.Debug|x86.ActiveCfg = Debug|Win32
		{4178EC5E-C709-48B3-88C7-2757475229F6}.Debug|x86.Build.0 = Debug|Win32
		{4178EC5E-C709-48B3-88C7-2757475229F6}.Release|x64.ActiveCfg = Release|x64
		{4178EC5E-C709-48B3-88C7-2757475229F6}.Release|x64.Build.0 = Release|x64
		{4178EC5E-C709-48B3-88C7-2757475229F6}.Release|x86.ActiveCfg = Release|Win32
		{4178EC5E-C709-48B3-88C7-2757475229F6}.Release|x86.Build.0 = Release|Win32
		{9F7CEAA5-B2D5-459A-93E1-C40FC8FCD598}.Debug|x64.ActiveCfg = Debug|x64
		{9F7CEAA5-B2D5-459A-93E1-C40FC8FCD598}.Debug|x64.Build.0 = Debug|x64
		{9F7CEAA5-B2D5-459A-93E1-C40FC8FCD598}.Debug|x86.ActiveCfg = Debug|Win32
		{9F7CEAA5-B2D5-459A-93E1-C40FC8FCD598}.Debug|x86.Build.0 = Debug|Win32
		{9F7CEAA5-B2D5-459A-93E1-C40FC8FCD598}.Release|x64.ActiveCfg = Release|x64
		{9F7CEAA5-B2D5-459A-93E1-C40FC8FCD598}.Release|x64.Build.0 = Release|x64
		{9F7CEAA5-B2D5-459A-93E1-C40FC8FCD598}.Release|x86.ActiveCfg = Release|Win32
		{9F7CEAA5-B2D5-459A-93E1-C40FC8FCD598}.Release|x86.Build.0 = Release|Win32
		{A2706646-9E04-498C-A78C-2166B7C36A43}.Debug|x64.ActiveCfg = Debug|x64
		{A2706646-9E04-498C-A78C-2166B7C36A43}.Debug|x64.Build.0 = Debug|x64
		{A2706646-9E04-498C-A78C-2166B7C36A43}.Debug|x86.ActiveCfg = Debug|Win32
		{A2706646-9E04-498C-A78C-2166B7C36A43}.Debug|x86.Build.0 = Debug|Win32
		{A2706646-9E04-498C-A78C-2166B7C36A43}.Release|x64.ActiveCfg = Release|x64
		{A2706646-9E04-498C-A78C-2166B7C36A43}.Release|x64.Build.0 = Release|x64
		{A2706646-9E04-498C-A78C-2166B7C36A43}.Release|x86.ActiveCfg = Release|Win32
		{A2706646-9E04-498C-A78C-2166B7C36A43}.Release|x86.Build.0 = Release|Win32
		{FBD914AD-C5E0-4971-900D-B83A97FEF9F2}.Debug|x64.ActiveCfg = Debug|x64
		{FBD914AD-C5E0-4971-900D-B83A97FEF9F2}.Debug|x64.Build.0 = Debug|x64
		{FBD914AD-C5E0-4971-900D-B83A97FEF9F2}.Debug|x86.ActiveCfg = Debug|Win32
		{FBD914AD-C5E0-4971-900D-B83A97FEF9F2}.Debug|x86.Build.0 = Debug|Win32
		{FBD914AD-C5E0-4971-900D-B83A97FEF9F2}.Release|x64.ActiveCfg = Release|x64
		{FBD914AD-C5E0-4971-900D-B83A97FEF9F2}.Release|x64.Build.0 = Release|x64
		{FBD914AD-C5E0-4971-900D-B83A97FEF9F2}.Release|x86.ActiveCfg = Release|Win32
		{FBD914AD-C5E0-4971-900D-B83A97FEF9F2}.Release|x86.Build.0 = Release|Win32
		{67B8F6BF-3721-4F42-9CF1-C32849EEFC7D}.Debug|x64.ActiveCfg = Debug|x64
		{67B8F6BF-3721-4F42-9CF1-C32849EEFC7D}.Debug|x64.Build.0 = Debug|x64
		{67B8F6BF-3721-4F42-9CF1-C32849EEFC7D}.Debug|x86.ActiveCfg = Debug|Win32
		{67B8F6BF-3721-4F42-9CF1-C32849EEFC7D}.Debug|x86.Build.0 = Debug|Win32
		{67B8F6BF-3721-4F42-9CF1-C32849EEFC7D}.Release|x64.ActiveCfg = Release|x64
		{67B8F6BF-3721-4F42-9CF1-C32849EEFC7D}.Release|x64.Build.0 = Release|x64
		{67B8F6BF-3721-4F42-9CF1-C32849EEFC7D}.Release|x86.ActiveCfg = Release|Win32
		{67B8F6BF-3721-4F42-9CF1-C32849EEFC7D}.Release|x86.Build.0 = Release|Win32
		{673E6B26-7EEE-49F6-A3FD-476C5E44BD0D}.Debug|x64.ActiveCfg = Debug|x64
		{673E6B26-7EEE-49F6-A3FD-476C5E44BD0D}.Debug|x64.Build.0 = Debug|x64
		{673E6B26-7EEE-49F6-A3FD-476C5E44BD0D}.Debug|x86.ActiveCfg = Debug|Win32
		{673E6B26-7EEE-49F6-A3FD-476C5E44BD0D}.Debug|x86.Build.0 = Debug|Win32
		{673E6B26-7EEE-49F6-A3FD-476C5E44BD0D}.Release|x64.ActiveCfg = Release|x64
		{673E6B26-7EEE-49F6-A3FD-476C5E44BD0D}.Release|x64.Build.0 = Release|x64
		{673E6B26-7EEE-49F6-A3FD-476C5E44BD0D}.Release|x86.ActiveCfg = Release|Win32
		{673E6B26-7EEE-49F6-A3FD-476C5E44BD0D}.Release|x86.Build.0 = Release|Win32
		{4000EB74-C020-459E-8F32-73987E5CCCF9}.Debug|x64.ActiveCfg = Debug|x64
		{4000EB74-C020-459E-8F32-73987E5CCCF9}.Debug|x64.Build.0 = Debug|x64
		{4000EB74-C020-459E-8F32-73987E5CCCF9}.Debug|x86.ActiveCfg = Debug|Win32
		{4000EB74-C020-459E-8F32-73987E5CCCF9}.Debug|x86.Build.0 = Debug|Win32
		{4000EB74-C020-459E-8F32-73987E5CCCF9}.Release|x64.ActiveCfg = Release|x64
		{4000EB74-C020-459E-8F32-73987E5CCCF9}.Release|x64.Build.0 = Release|x64
		{4000EB74-C020-459E-8F32-73987E5CCCF9}.Release|x86.ActiveCfg = Release|Win32
		{4000EB74-C020-459E-8F32-73987E5CCCF9}.Release|x86.Build.0 = Release|Win32
		{FE2C4CEA-73BE-45BC-975B-527B2FED475A}.Debug|x64.ActiveCfg = Debug|x64
		{FE2C4CEA-73BE-45BC-975B-527B2FED475A}.Debug|x64.Build.0 = Debug|x64
		{FE2C4CEA-73BE-45BC-975B-527B2FED475A}.Debug|x86.ActiveCfg = Debug|Win32
		{FE2C4CEA-73BE-45BC-975B-527B2FED475A}.Debug|x86.Build.0 = Debug|Win32
		{FE2C4CEA-73BE-45BC-975B-527B2FED475A}.Release|x64.ActiveCfg = Release|x64
		{FE2C4CEA-73BE-45BC-975B-527B2FED475A}.Release|x64.Build.0 = Release|x64
		{FE2C4CEA-73BE-45BC-975B-527B2FED475A}.Release|x86.ActiveCfg = Release|Win32
		{FE2C4CEA-73BE-45BC-975B-527B2FED475A}.Release|x86.Build.0 = Release|Win32
		{49496F81-ADE8-49B9-8026-EBBE9D5E1B7F}.Debug|x64.ActiveCfg = Debug|x64
		{49496F81-ADE8-49B9-8026-EBBE9D5E1B7F}.Debug|x64.Build.0 = Debug|x64
		{49496F81-ADE8-49B9-8026-EBBE9D5E1B7F}.Debug|x86.ActiveCfg = Debug|Win32
		{49496F81-ADE8-49B9-8026-EBBE9D5E1B7F}.Debug|x86.Build.0 = Debug|Win32
		{49496F81-ADE8-49B9-8026-EBBE9D5E1B7F}.Release|x64.ActiveCfg = Release|x64
		{49496F81-ADE8-49B9-8026-EBBE9D5E1B7F}.Release|x64.Build.0 = Release|x64
		{49496F81-ADE8-49B9-8026-EBBE9D5E1B7F}.Release|x86.ActiveCfg = Release|Win32
		{49496F81-ADE8-49B9-8026-EBBE9D5E1B7F}.Release|x86.Build.0 = Release|Win32
		{93A52A31-FDD3-45C8-A959-77459C399982}.Debug|x64.ActiveCfg = Debug|x64
		{93A52A31-FDD3-45C8-A959-77459C399982}.Debug|x64.Build.0 = Debug|x64
		{93A52A31-FDD3-45C8-A959-77459C399982}.Debug|x86.ActiveCfg = Debug|Win32
		{93A52A31-FDD3-45C8-A959-77459C399982}.Debug|x86.Build.0 = Debug|Win32
		{93A52A31-FDD3-45C8-A959-77459C399982}.Release|x64.ActiveCfg = Release|x64
		{93A52A31-FDD3-45C8-A959-77459C399982}.Release|x64.Build.0 = Release|x64
		{93A52A31-FDD3-45C8-A959-77459C399982}.Release|x86.ActiveCfg = Release|Win32
		{93A52A31-FDD3-45C8-A959-77459C399982}.Release|x86.Build.0 = Release|Win32
		{0D6B873C-FE84-49C5-82C1-7B8001E95003}.Debug|x64.ActiveCfg = Debug|x64
		{0D6B873C-FE84-49C5-82C1-7B8001E95003}.Debug|x64.Build.0 = Debug|x64
		{0D6B873C-FE84-49C5-82C1-7B8001E95003}.Debug|x86.ActiveCfg = Debug|Win32
		{0D6B873C-FE84-49C5-82C1-7B8001E95003}.Debug|x86.Build.0 = Debug|Win32
		{0D6B873C-FE84-49C5-82C1-7B8001E95003}.Release|x64.ActiveCfg = Release|x64
		{0D6B873C-FE84-49C5-82C1-7B8001E95003}.Release|x64.Build.0 = Release|x64
		{0D6B873C-FE84-49C5-82C1-7B8001E95003}.Release|x86.ActiveCfg = Release|Win32
		{0D6B873C-FE84-49C5-82C1-7B8001E95003}.Release|x86.Build.0 = Release|Win32
		{4A6BE98E-6EF6-4A9E-BB27-1FB470F3F4B2}.Debug|x64.ActiveCfg = Debug|x64
		{4A6BE98E-6EF6-4A9E-BB27-1FB470F3F4B2}.Debug|x64.Build.0 = Debug|x64
		{4A6BE98E-6EF6-4A9E-BB27-1FB470F3F4B2}.Debug|x86.ActiveCfg = Debug|Win32
		{4A6BE98E-6EF6-4A9E-BB27-1FB470F3F4B2}.Debug|x86.Build.0 = Debug|Win32
		{4A6BE98E-6EF6-4A9E-BB27-1FB470F3F4B2}.Release|x64.ActiveCfg = Release|x64
		{4A6BE98E-6EF6-4A9E-BB27-1FB470F3F4B2}.Release|x64.Build.0 = Release|x64
		{4A6BE98E-6EF6-4A9E-BB27-1FB470F3F4B2}.Release|x86.ActiveCfg = Release|Win32
		{4A6BE98E-6EF6-4A9E-BB27-1FB470F3F4B2}.Release|x86.Build.0 = Release|Win32
		{D5F439DD-3C0F-4E1A-8077-9C2C0D4827D4}.Debug|x64.ActiveCfg = Debug|x64
		{D5F439DD-3C0F-4E1A-8077-9C2C0D4827D4}.Debug|x64.Build.0 = Debug|x64
		{D5F439DD-3C0F-4E1A-8077-9C2C0D4827D4}.Debug|x86.ActiveCfg = Debug|Win32
		{D5F439DD-3C0F-4E1A-8077-9C2C0D4827D4}.Debug|x86.Build.0 = Debug|Win32
		{D5F439DD-3C0F-4E1A-8077-9C2C0D4827D4}.Release|x64.ActiveCfg = Release|x64
		{D5F439DD-3C0F-4E1A-8077-9C2C0D4827D4}.Release|x64.Build.0 = Release|x64
		{D5F439DD-3C0F-4E1A-8077-9C2C0D4827D4}.Release|x86.ActiveCfg = Release|Win32
		{D5F439DD-3C0F-4E1A-8077-9C2C0D4827D4}.Release|x86.Build.0 = Release|Win32
		{304E9E24-6A14-4306-A6AB-5AEE1D2FB511}.Debug|x64.ActiveCfg = Debug|x64
		{304E9E24-6A14-4306-A6AB-5AEE1D2FB511}.Debug|x64.Build.0 = Debug|x64
		{304E9E24-6A14-4306-A6AB-5AEE1D2FB511}.Debug|x86.ActiveCfg = Debug|Win32
		{304E9E24-6A14-4306-A6AB-5AEE1D2FB511}.Debug|x86.Build.0 = Debug|Win32
		{304E9E24-6A14-4306-A6AB-5AEE1D2FB511}.Release|x64.ActiveCfg = Release|x64
		{304E9E24-6A14-4306-A6AB-5AEE1D2FB511}.Release|x64.Build.0 = Release|x64
		{304E9E24-6A14-4306-A6AB-5AEE1D2FB511}.Release|x86.ActiveCfg = Release|Win32
		{304E9E24-6A14-4306-A6AB-5AEE1D2FB511}.Release|x86.Build.0 = Release|Win32
		{E894AFE1-6062-4FB7-BBFD-C2CB57F0F377}.Debug|x64.ActiveCfg = Debug|x64
		{E894AFE1-6062-4FB7-BBFD-C2CB57F0F377}.Debug|x64.Build.0 = Debug|x64
		{E894AFE1-6062-4FB7-BBFD-C2CB57F0F377}.Debug|x86.ActiveCfg = Debug|Win32
		{E894AFE1-6062-4FB7-BBFD-C2CB57F0F377}.Debug|x86.Build.0 = Debug|Win32
		{E894AFE1-6062-4FB7-BBFD-C2CB57F0F377}.Release|x64.ActiveCfg = Release|x64
		{E894AFE1-6062-4FB7-BBFD-C2CB57F0F377}.Release|x64.Build.0 = Release|x64
		{E894AFE1-6062-4FB7-BBFD-C2CB57F0F377}.Release|x86.ActiveCfg = Release|Win32
		{E894AFE1-6062-4FB7-BBFD-C2CB57F0F377}.Release|x86.Build.0 = Release|Win32
		{2FA50BCC-E002-4ECF-AA5E-86B52C827B2F}.Debug|x64.ActiveCfg = Debug|x64
		{2FA50BCC-E002-4ECF-AA5E-86B52C827B2F}.Debug|x64.Build.0 = Debug|x64
		{2FA50BCC-E002-4ECF-AA5E-86B52C827B2F}.Debug|x86.ActiveCfg = Debug|Win32
		{2FA50BCC-E002-4ECF-AA5E-86B52C827B2F}.Debug|x86.Build.0 = Debug|Win32
		{2FA50BCC-E002-4ECF-AA5E-86B52C827B2F}.Release|x64.ActiveCfg = Release|x64
		{2FA50BCC-E002-4ECF-AA5E-86B52C827B2F}.Release|x64.Build.0 = Release|x64
		{2FA50BCC-E002-4ECF-AA5E-86B52C827B2F}.Release|x86.ActiveCfg = Release|Win32
		{2FA50BCC-E002-4ECF-AA5E-86B52C827B2F}.Release|x86.Build.0 = Release|Win32
		{8FF68107-70C5-4519-8514-3C27888EF6AD}.Debug|x64.ActiveCfg = Debug|x64
		{8FF68107-70C5-4519-8514-3C27888EF6AD}.Debug|x64.Build.0 = Debug|x64
		{8FF68107-70C5-4519-8514-3C27888EF6AD}.Debug|x86.ActiveCfg = Debug|Win32
		{8FF68107-70C5-4519-8514-3C27888EF6AD}.Debug|x86.Build.0 = Debug|Win32
		{8FF68107-70C5-4519-8514-3C27888EF6AD}.Release|x64.ActiveCfg = Release|x64
		{8FF68107-70C5-4519-8514-3C27888EF6AD}.Release|x64.Build.0 = Release|x64
		{8FF68107-70C5-4519-8514-3C27888EF6AD}.Release|x86.ActiveCfg = Release|Win32
		{8FF68107-70C5-4519-8514-3C27888EF6AD}.Release|x86.Build.0 = Release|Win32
		{6B09F87B-E808-4FBF-9B62-7A4004506F68}.Debug|x64.ActiveCfg = Debug|x64
		{6B09F87B-E808-4FBF-9B62-7A4004506F68}.Debug|x64.Build.0 = Debug|x64
		{6B09F87B-E808-4FBF-9B62-7A4004506F68}.Debug|x86.ActiveCfg = Debug|Win32
		{6B09F87B-E808-4FBF-9B62-7A4004506F68}.Debug|x86.Build.0 = Debug|Win32
		{6B09F87B-E808-4FBF-9B62-7A4004506F68}.Release|x64.ActiveCfg = Release|x64
		{6B09F87B-E808-4FBF-9B62-7A4004506F68}.Release|x64.Build.0 = Release|x64
		{6B09F87B-E808-4FBF-9B62-7A4004506F68}.Release|x86.ActiveCfg = Release|Win32
		{6B09F87B-E808-4FBF-9B62-7A4004506F68}.Release|x86.Build.0 = Release|Win32
		{6D6A6CF4-8F09-452F-96DF-7F0E6D728A55}.Debug|x64.ActiveCfg = Debug|x64
		{6D6A6CF4-8F09-452F-96DF-7F0E6D728A55}.Debug|x64.Build.0 = Debug|x64
		{6D6A6CF4-8F09-452F-96DF-7F0E6D728A55}.Debug|x86.ActiveCfg = Debug|Win32
		{6D6A6CF4-8F09-452F-96DF-7F0E6D728A55}.Debug|x86.Build.0 = Debug|Win32
		{6D6A6CF4-8F09-452F-96DF-7F0E6D728A55}.Release|x64.ActiveCfg = Release|x64
		{6D6A6CF4-8F09-452F-96DF-7F0E6D728A55}.Release|x64.Build.0 = Release|x64
		{6D6A6CF4-8F09-452F-96DF-7F0E6D728A55}.Release|x86.ActiveCfg = Release|Win32
		{6D6A6CF4-8F09-452F-96DF-7F0E6D728A55}.Release|x86.Build.0 = Release|Win32
		{3B54C195-7227-4404-93CC-8CE8975B93E5}.Debug|x64.ActiveCfg = Debug|x64
		{3B54C195-7227-4404-93CC-8CE8975B93E5}.Debug|x64.Build.0 = Debug|x64
		{3B54C195-7227-4404-93CC-8CE8975B93E5}.Debug|x86.ActiveCfg = Debug|Win32
		{3B54C195-7227-4404-93CC-8CE8975B93E5}.Debug|x86.Build.0 = Debug|Win32
		{3B54C195-7227-4404-93CC-8CE8975B93E5}.Release|x64.ActiveCfg = Release|x64
		{3B54C195-7227-4404-93CC-8CE8975B93E5}.Release|x64.Build.0 = Release|x64
		{3B54C195-7227-4404-93CC-8CE8975B93E5}.Release|x86.ActiveCfg = Release|Win32
		{3B54C195-7227-4404-93CC-8CE8975B93E5}.Release|x86.Build.0 = Release|Win32
		{3E0442C4-5C7D-499D-A826-75B81000144A}.Debug|x64.ActiveCfg = Debug|x64
		{3E0442C4-5C7D-499D-A826-75B81000144A}.Debug|x64.Build.0 = Debug|x64
		{3E0442C4-5C7D-499D-A826-75B81000144A}.Debug|x86.ActiveCfg = Debug|Win32
		{3E0442C4-5C7D-499D-A826-75B81000144A}.Debug|x86.Build.0 = Debug|Win32
		{3E0442C4-5C7D-499D-A826-75B81000144A}.Release|x64.ActiveCfg = Release|x64
		{3E0442C4-5C7D-499D-A826-75B81000144A}.Release|x64.Build.0 = Release|x64
		{3E0442C4-5C7D-499D-A826-75B81000144A}.Release|x86.ActiveCfg = Release|Win32
		{3E0442C4-5C7D-499D-A826-75B81000144A}.Release|x86.Build.0 = Release|Win32
		{23E171A6-1EA2-4496-BE11-C6A0DE510BD1}.Debug|x64.ActiveCfg = Debug|x64
		{23E171A6-1EA2-4496-BE11-C6A0DE510BD1}.Debug|x64.Build.0 = Debug|x64
		{23E171A6-1EA2-4496-BE11-C6A0DE510BD1}.Debug|x86.ActiveCfg = Debug|Win32
		{23E171A6-1EA2-4496-BE11-C6A0DE510BD1}.Debug|x86.Build.0 = Debug|Win32
		{23E171A6-1EA2-4496-BE11-C6A0DE510BD1}.Release|x64.ActiveCfg = Release|x64
		{23E171A6-1EA2-4496-BE11-C6A0DE510BD1}.Release|x64.Build.0 = Release|x64
		{23E171A6-1EA2-4496-BE11-C6A0DE510BD1}.Release|x86.ActiveCfg = Release|Win32
		{23E171A6-1EA2-4496-BE11-C6A0DE510BD1}.Release|x86.Build.0 = Release|Win32
	EndGlobalSection
	GlobalSection(SolutionProperties) = preSolution
		HideSolutionNode = FALSE
	EndGlobalSection
	GlobalSection(ExtensibilityGlobals) = postSolution
		SolutionGuid = {89F6A70D-9ED2-4E20-A177-AC05A39E8C13}
	EndGlobalSection
EndGlobal
